
Microsoft Visual Studio Solution File, Format Version 12.00
# Visual Studio Version 16
VisualStudioVersion = 16.0.29905.134
MinimumVisualStudioVersion = 10.0.40219.1
Project("{8BC9CEB8-8B4A-11D0-8D11-00A0C91BC942}") = "hvn3-engine", "hvn3\hvn3.vcxproj", "{1D5F29A7-5C84-4C6F-8529-47DB56F3EED8}"
EndProject
Project("{8BC9CEB8-8B4A-11D0-8D11-00A0C91BC942}") = "hvn3-tests", "hvn3-test\hvn3-test.vcxproj", "{49D0DFD5-2E84-49AD-AEAC-DBE30F0E6C10}"
EndProject
Project("{8BC9CEB8-8B4A-11D0-8D11-00A0C91BC942}") = "hvn3-examples", "hvn3-examples\hvn3-examples.vcxproj", "{5C0C644C-D847-4970-A097-4D985A3F6BBA}"
EndProject
Project("{2150E333-8FDC-42A3-9474-1A3956D46DE8}") = "lib", "lib", "{6F1CD3C4-7C22-40D4-8038-8440D4F4BB65}"
EndProject
Project("{2150E333-8FDC-42A3-9474-1A3956D46DE8}") = "tests", "tests", "{FCE45FD6-0ECE-499D-9254-EFA052AD89BF}"
EndProject
Project("{8BC9CEB8-8B4A-11D0-8D11-00A0C91BC942}") = "hvn3-graphics", "hvn3-graphics\hvn3-graphics.vcxproj", "{70883697-7E8F-422D-8707-BEE2A4393438}"
EndProject
Project("{8BC9CEB8-8B4A-11D0-8D11-00A0C91BC942}") = "hvn3-io", "hvn3-io\hvn3-io.vcxproj", "{EBC20F96-5926-4DA1-820C-8A46EBBD1FBA}"
EndProject
Project("{8BC9CEB8-8B4A-11D0-8D11-00A0C91BC942}") = "hvn3-math", "hvn3-math\hvn3-math.vcxproj", "{2065BE56-4E14-4F73-B623-2A21B58E1181}"
EndProject
Project("{8BC9CEB8-8B4A-11D0-8D11-00A0C91BC942}") = "hvn3-utilities", "hvn3-utilities\hvn3-utilities.vcxproj", "{0674E07A-822E-40CE-8FF2-FC9F6373BD09}"
EndProject
Project("{8BC9CEB8-8B4A-11D0-8D11-00A0C91BC942}") = "hvn3-math-tests", "hvn3-math-tests\hvn3-math-tests.vcxproj", "{AE81FD29-6DE8-46BF-B56A-41A9219B42F1}"
EndProject
Project("{8BC9CEB8-8B4A-11D0-8D11-00A0C91BC942}") = "hvn3-utility-tests", "hvn3-utilities-tests\hvn3-utilities-tests.vcxproj", "{8FA337CC-2586-47A8-84ED-6BD601EC772D}"
EndProject
Project("{8BC9CEB8-8B4A-11D0-8D11-00A0C91BC942}") = "hvn3-core", "hvn3-core\hvn3-core.vcxproj", "{DE8FB63C-A6BE-4CA8-B3B1-3D66C9F7CB41}"
EndProject
Project("{2150E333-8FDC-42A3-9474-1A3956D46DE8}") = "old", "old", "{858D1D2B-CB8E-422F-B646-8D3725256DCC}"
EndProject
Global
	GlobalSection(SolutionConfigurationPlatforms) = preSolution
		Debug|x64 = Debug|x64
		Debug|x86 = Debug|x86
		Release|x64 = Release|x64
		Release|x86 = Release|x86
	EndGlobalSection
	GlobalSection(ProjectConfigurationPlatforms) = postSolution
		{1D5F29A7-5C84-4C6F-8529-47DB56F3EED8}.Debug|x64.ActiveCfg = Debug|x64
		{1D5F29A7-5C84-4C6F-8529-47DB56F3EED8}.Debug|x64.Build.0 = Debug|x64
		{1D5F29A7-5C84-4C6F-8529-47DB56F3EED8}.Debug|x86.ActiveCfg = Debug|Win32
		{1D5F29A7-5C84-4C6F-8529-47DB56F3EED8}.Debug|x86.Build.0 = Debug|Win32
		{1D5F29A7-5C84-4C6F-8529-47DB56F3EED8}.Release|x64.ActiveCfg = Release|x64
		{1D5F29A7-5C84-4C6F-8529-47DB56F3EED8}.Release|x64.Build.0 = Release|x64
		{1D5F29A7-5C84-4C6F-8529-47DB56F3EED8}.Release|x86.ActiveCfg = Release|Win32
		{1D5F29A7-5C84-4C6F-8529-47DB56F3EED8}.Release|x86.Build.0 = Release|Win32
		{49D0DFD5-2E84-49AD-AEAC-DBE30F0E6C10}.Debug|x64.ActiveCfg = Debug|x64
		{49D0DFD5-2E84-49AD-AEAC-DBE30F0E6C10}.Debug|x64.Build.0 = Debug|x64
		{49D0DFD5-2E84-49AD-AEAC-DBE30F0E6C10}.Debug|x86.ActiveCfg = Debug|Win32
		{49D0DFD5-2E84-49AD-AEAC-DBE30F0E6C10}.Debug|x86.Build.0 = Debug|Win32
		{49D0DFD5-2E84-49AD-AEAC-DBE30F0E6C10}.Release|x64.ActiveCfg = Release|x64
		{49D0DFD5-2E84-49AD-AEAC-DBE30F0E6C10}.Release|x64.Build.0 = Release|x64
		{49D0DFD5-2E84-49AD-AEAC-DBE30F0E6C10}.Release|x86.ActiveCfg = Release|Win32
		{49D0DFD5-2E84-49AD-AEAC-DBE30F0E6C10}.Release|x86.Build.0 = Release|Win32
		{5C0C644C-D847-4970-A097-4D985A3F6BBA}.Debug|x64.ActiveCfg = Debug|x64
		{5C0C644C-D847-4970-A097-4D985A3F6BBA}.Debug|x64.Build.0 = Debug|x64
		{5C0C644C-D847-4970-A097-4D985A3F6BBA}.Debug|x86.ActiveCfg = Debug|Win32
		{5C0C644C-D847-4970-A097-4D985A3F6BBA}.Debug|x86.Build.0 = Debug|Win32
		{5C0C644C-D847-4970-A097-4D985A3F6BBA}.Release|x64.ActiveCfg = Release|x64
		{5C0C644C-D847-4970-A097-4D985A3F6BBA}.Release|x64.Build.0 = Release|x64
		{5C0C644C-D847-4970-A097-4D985A3F6BBA}.Release|x86.ActiveCfg = Release|Win32
		{5C0C644C-D847-4970-A097-4D985A3F6BBA}.Release|x86.Build.0 = Release|Win32
		{70883697-7E8F-422D-8707-BEE2A4393438}.Debug|x64.ActiveCfg = Debug|x64
		{70883697-7E8F-422D-8707-BEE2A4393438}.Debug|x64.Build.0 = Debug|x64
		{70883697-7E8F-422D-8707-BEE2A4393438}.Debug|x86.ActiveCfg = Debug|Win32
		{70883697-7E8F-422D-8707-BEE2A4393438}.Debug|x86.Build.0 = Debug|Win32
		{70883697-7E8F-422D-8707-BEE2A4393438}.Release|x64.ActiveCfg = Release|x64
		{70883697-7E8F-422D-8707-BEE2A4393438}.Release|x64.Build.0 = Release|x64
		{70883697-7E8F-422D-8707-BEE2A4393438}.Release|x86.ActiveCfg = Release|Win32
		{70883697-7E8F-422D-8707-BEE2A4393438}.Release|x86.Build.0 = Release|Win32
		{EBC20F96-5926-4DA1-820C-8A46EBBD1FBA}.Debug|x64.ActiveCfg = Debug|x64
		{EBC20F96-5926-4DA1-820C-8A46EBBD1FBA}.Debug|x64.Build.0 = Debug|x64
		{EBC20F96-5926-4DA1-820C-8A46EBBD1FBA}.Debug|x86.ActiveCfg = Debug|Win32
		{EBC20F96-5926-4DA1-820C-8A46EBBD1FBA}.Debug|x86.Build.0 = Debug|Win32
		{EBC20F96-5926-4DA1-820C-8A46EBBD1FBA}.Release|x64.ActiveCfg = Release|x64
		{EBC20F96-5926-4DA1-820C-8A46EBBD1FBA}.Release|x64.Build.0 = Release|x64
		{EBC20F96-5926-4DA1-820C-8A46EBBD1FBA}.Release|x86.ActiveCfg = Release|Win32
		{EBC20F96-5926-4DA1-820C-8A46EBBD1FBA}.Release|x86.Build.0 = Release|Win32
		{2065BE56-4E14-4F73-B623-2A21B58E1181}.Debug|x64.ActiveCfg = Debug|x64
		{2065BE56-4E14-4F73-B623-2A21B58E1181}.Debug|x64.Build.0 = Debug|x64
		{2065BE56-4E14-4F73-B623-2A21B58E1181}.Debug|x86.ActiveCfg = Debug|Win32
		{2065BE56-4E14-4F73-B623-2A21B58E1181}.Debug|x86.Build.0 = Debug|Win32
		{2065BE56-4E14-4F73-B623-2A21B58E1181}.Release|x64.ActiveCfg = Release|x64
		{2065BE56-4E14-4F73-B623-2A21B58E1181}.Release|x64.Build.0 = Release|x64
		{2065BE56-4E14-4F73-B623-2A21B58E1181}.Release|x86.ActiveCfg = Release|Win32
		{2065BE56-4E14-4F73-B623-2A21B58E1181}.Release|x86.Build.0 = Release|Win32
		{0674E07A-822E-40CE-8FF2-FC9F6373BD09}.Debug|x64.ActiveCfg = Debug|x64
		{0674E07A-822E-40CE-8FF2-FC9F6373BD09}.Debug|x64.Build.0 = Debug|x64
		{0674E07A-822E-40CE-8FF2-FC9F6373BD09}.Debug|x86.ActiveCfg = Debug|Win32
		{0674E07A-822E-40CE-8FF2-FC9F6373BD09}.Debug|x86.Build.0 = Debug|Win32
		{0674E07A-822E-40CE-8FF2-FC9F6373BD09}.Release|x64.ActiveCfg = Release|x64
		{0674E07A-822E-40CE-8FF2-FC9F6373BD09}.Release|x64.Build.0 = Release|x64
		{0674E07A-822E-40CE-8FF2-FC9F6373BD09}.Release|x86.ActiveCfg = Release|Win32
		{0674E07A-822E-40CE-8FF2-FC9F6373BD09}.Release|x86.Build.0 = Release|Win32
		{AE81FD29-6DE8-46BF-B56A-41A9219B42F1}.Debug|x64.ActiveCfg = Debug|x64
		{AE81FD29-6DE8-46BF-B56A-41A9219B42F1}.Debug|x64.Build.0 = Debug|x64
		{AE81FD29-6DE8-46BF-B56A-41A9219B42F1}.Debug|x86.ActiveCfg = Debug|Win32
		{AE81FD29-6DE8-46BF-B56A-41A9219B42F1}.Debug|x86.Build.0 = Debug|Win32
		{AE81FD29-6DE8-46BF-B56A-41A9219B42F1}.Release|x64.ActiveCfg = Release|x64
		{AE81FD29-6DE8-46BF-B56A-41A9219B42F1}.Release|x64.Build.0 = Release|x64
		{AE81FD29-6DE8-46BF-B56A-41A9219B42F1}.Release|x86.ActiveCfg = Release|Win32
		{AE81FD29-6DE8-46BF-B56A-41A9219B42F1}.Release|x86.Build.0 = Release|Win32
		{8FA337CC-2586-47A8-84ED-6BD601EC772D}.Debug|x64.ActiveCfg = Debug|x64
		{8FA337CC-2586-47A8-84ED-6BD601EC772D}.Debug|x64.Build.0 = Debug|x64
		{8FA337CC-2586-47A8-84ED-6BD601EC772D}.Debug|x86.ActiveCfg = Debug|Win32
		{8FA337CC-2586-47A8-84ED-6BD601EC772D}.Debug|x86.Build.0 = Debug|Win32
		{8FA337CC-2586-47A8-84ED-6BD601EC772D}.Release|x64.ActiveCfg = Release|x64
		{8FA337CC-2586-47A8-84ED-6BD601EC772D}.Release|x64.Build.0 = Release|x64
		{8FA337CC-2586-47A8-84ED-6BD601EC772D}.Release|x86.ActiveCfg = Release|Win32
		{8FA337CC-2586-47A8-84ED-6BD601EC772D}.Release|x86.Build.0 = Release|Win32
		{DE8FB63C-A6BE-4CA8-B3B1-3D66C9F7CB41}.Debug|x64.ActiveCfg = Debug|x64
		{DE8FB63C-A6BE-4CA8-B3B1-3D66C9F7CB41}.Debug|x64.Build.0 = Debug|x64
		{DE8FB63C-A6BE-4CA8-B3B1-3D66C9F7CB41}.Debug|x86.ActiveCfg = Debug|Win32
		{DE8FB63C-A6BE-4CA8-B3B1-3D66C9F7CB41}.Debug|x86.Build.0 = Debug|Win32
		{DE8FB63C-A6BE-4CA8-B3B1-3D66C9F7CB41}.Release|x64.ActiveCfg = Release|x64
		{DE8FB63C-A6BE-4CA8-B3B1-3D66C9F7CB41}.Release|x64.Build.0 = Release|x64
		{DE8FB63C-A6BE-4CA8-B3B1-3D66C9F7CB41}.Release|x86.ActiveCfg = Release|Win32
		{DE8FB63C-A6BE-4CA8-B3B1-3D66C9F7CB41}.Release|x86.Build.0 = Release|Win32
	EndGlobalSection
	GlobalSection(SolutionProperties) = preSolution
		HideSolutionNode = FALSE
	EndGlobalSection
	GlobalSection(NestedProjects) = preSolution
		{1D5F29A7-5C84-4C6F-8529-47DB56F3EED8} = {858D1D2B-CB8E-422F-B646-8D3725256DCC}
		{49D0DFD5-2E84-49AD-AEAC-DBE30F0E6C10} = {FCE45FD6-0ECE-499D-9254-EFA052AD89BF}
		{70883697-7E8F-422D-8707-BEE2A4393438} = {6F1CD3C4-7C22-40D4-8038-8440D4F4BB65}
		{EBC20F96-5926-4DA1-820C-8A46EBBD1FBA} = {6F1CD3C4-7C22-40D4-8038-8440D4F4BB65}
		{2065BE56-4E14-4F73-B623-2A21B58E1181} = {6F1CD3C4-7C22-40D4-8038-8440D4F4BB65}
		{0674E07A-822E-40CE-8FF2-FC9F6373BD09} = {6F1CD3C4-7C22-40D4-8038-8440D4F4BB65}
		{AE81FD29-6DE8-46BF-B56A-41A9219B42F1} = {FCE45FD6-0ECE-499D-9254-EFA052AD89BF}
		{8FA337CC-2586-47A8-84ED-6BD601EC772D} = {FCE45FD6-0ECE-499D-9254-EFA052AD89BF}
		{DE8FB63C-A6BE-4CA8-B3B1-3D66C9F7CB41} = {6F1CD3C4-7C22-40D4-8038-8440D4F4BB65}
	EndGlobalSection
	GlobalSection(ExtensibilityGlobals) = postSolution
		SolutionGuid = {E5BEA0FB-EC1E-46CF-85E2-E3F0A4FA4149}
	EndGlobalSection
EndGlobal
