<?xml version="1.0" encoding="utf-8"?>
<Project ToolsVersion="4.0" xmlns="http://schemas.microsoft.com/developer/msbuild/2003">
  <ItemGroup>
    <Filter Include="Source Files">
      <UniqueIdentifier>{4FC737F1-C7A5-4376-A066-2A32D752A2FF}</UniqueIdentifier>
      <Extensions>cpp;c;cc;cxx;def;odl;idl;hpj;bat;asm;asmx</Extensions>
    </Filter>
    <Filter Include="Header Files">
      <UniqueIdentifier>{93995380-89BD-4b04-88EB-625FBE52EBFB}</UniqueIdentifier>
      <Extensions>h;hh;hpp;hxx;hm;inl;inc;xsd</Extensions>
    </Filter>
    <Filter Include="Resource Files">
      <UniqueIdentifier>{67DA6AB6-F800-4c08-8B7A-83BB121AAD01}</UniqueIdentifier>
      <Extensions>rc;ico;cur;bmp;dlg;rc2;rct;bin;rgs;gif;jpg;jpeg;jpe;resx;tiff;tif;png;wav;mfcribbon-ms</Extensions>
    </Filter>
    <Filter Include="Header Files\Drawing">
      <UniqueIdentifier>{0832feb4-35da-4b35-aa86-bf57a17cce98}</UniqueIdentifier>
    </Filter>
    <Filter Include="Header Files\System">
      <UniqueIdentifier>{65f618e2-f7e7-4f48-9c6e-6c1d6d929240}</UniqueIdentifier>
    </Filter>
    <Filter Include="Header Files\Resources">
      <UniqueIdentifier>{b4e53107-7f12-4556-9ff3-179364c4be39}</UniqueIdentifier>
    </Filter>
    <Filter Include="Header Files\Helper">
      <UniqueIdentifier>{8a2d0e11-fea8-43a3-9dcb-232ea2a8e3eb}</UniqueIdentifier>
    </Filter>
    <Filter Include="Header Files\Networking">
      <UniqueIdentifier>{4c9db44f-14e5-4e25-a376-a78004b5e75c}</UniqueIdentifier>
    </Filter>
    <Filter Include="Header Files\IO">
      <UniqueIdentifier>{a6779900-1991-400e-8ad2-175f5991de55}</UniqueIdentifier>
    </Filter>
    <Filter Include="Header Files\System\Collision">
      <UniqueIdentifier>{8a5e37e7-fc02-489b-8f3b-f8da55ace103}</UniqueIdentifier>
    </Filter>
    <Filter Include="Header Files\Resources\GUI">
      <UniqueIdentifier>{ad2b8901-4a77-434b-956d-da98e020b268}</UniqueIdentifier>
    </Filter>
    <Filter Include="Header Files\Structures">
      <UniqueIdentifier>{bb529c1e-5b16-4db4-a106-eee2d6ddb49a}</UniqueIdentifier>
    </Filter>
    <Filter Include="Header Files\Interfaces">
      <UniqueIdentifier>{bc1813df-f546-4a39-bbba-9ba804b37a97}</UniqueIdentifier>
    </Filter>
    <Filter Include="Header Files\System\Example">
      <UniqueIdentifier>{b9d08057-b9db-4de9-be7b-64710a5a9784}</UniqueIdentifier>
    </Filter>
    <Filter Include="Header Files\Helper\Encryption">
      <UniqueIdentifier>{c98df63e-c288-4ee1-8fde-a5fd7c110cfc}</UniqueIdentifier>
    </Filter>
    <Filter Include="Source Files\Drawing">
      <UniqueIdentifier>{d72597ab-f9c4-4d37-aeda-36e1ebcd2c32}</UniqueIdentifier>
    </Filter>
    <Filter Include="Source Files\Helper">
      <UniqueIdentifier>{50b5be73-c761-457f-902a-bdf3cf37761d}</UniqueIdentifier>
    </Filter>
    <Filter Include="Source Files\Helper\Encryption">
      <UniqueIdentifier>{76353757-ed51-4aed-b1a4-5b02893b157f}</UniqueIdentifier>
    </Filter>
    <Filter Include="Source Files\Networking">
      <UniqueIdentifier>{80debdd7-b155-4b2e-80df-3ff8aebf2910}</UniqueIdentifier>
    </Filter>
    <Filter Include="Source Files\IO">
      <UniqueIdentifier>{293a6716-8f24-436e-9d05-6700017ff48e}</UniqueIdentifier>
    </Filter>
    <Filter Include="Source Files\Interfaces">
      <UniqueIdentifier>{b1a579e3-a82d-4f85-b2ae-714025cf467c}</UniqueIdentifier>
    </Filter>
    <Filter Include="Source Files\Resources">
      <UniqueIdentifier>{47790e1f-94d9-4985-a70a-4af5e4447d44}</UniqueIdentifier>
    </Filter>
    <Filter Include="Source Files\Resources\GUI">
      <UniqueIdentifier>{3689060d-9ac4-4add-87e8-e558aa4fc2f5}</UniqueIdentifier>
    </Filter>
    <Filter Include="Source Files\System">
      <UniqueIdentifier>{f8606e53-b3d6-4382-b14b-3387520ed05b}</UniqueIdentifier>
    </Filter>
    <Filter Include="Source Files\System\Collision">
      <UniqueIdentifier>{5e9c9de5-b4a2-4edc-9289-721c48ac03c8}</UniqueIdentifier>
    </Filter>
    <Filter Include="Source Files\Structures">
      <UniqueIdentifier>{474c18fb-5f90-4f62-a91b-c06a605865d7}</UniqueIdentifier>
    </Filter>
    <Filter Include="Source Files\System\Events">
      <UniqueIdentifier>{ed08272a-88ac-4c42-8f08-f26a2bb80c89}</UniqueIdentifier>
    </Filter>
    <Filter Include="Header Files\System\Events">
      <UniqueIdentifier>{1e45f25d-72b3-4f15-b436-70b7ca63786f}</UniqueIdentifier>
    </Filter>
    <Filter Include="Header Files\System\Allegro">
      <UniqueIdentifier>{ca474e7c-3c29-45b1-839e-8540c963f389}</UniqueIdentifier>
    </Filter>
    <Filter Include="Source Files\System\Allegro">
      <UniqueIdentifier>{87aec444-bd1b-41c5-a29c-c616df7131d4}</UniqueIdentifier>
    </Filter>
    <Filter Include="Resource Files\data">
      <UniqueIdentifier>{51fc50fe-f797-44a1-8653-faa83ad1344c}</UniqueIdentifier>
    </Filter>
    <Filter Include="Resource Files\data\test">
      <UniqueIdentifier>{b2294efc-1288-4ea0-98ac-ed12415c1c58}</UniqueIdentifier>
    </Filter>
    <Filter Include="Source Files\Resources\Room">
      <UniqueIdentifier>{984c7627-9231-4a5b-a971-f5e0cb12ac6e}</UniqueIdentifier>
    </Filter>
    <Filter Include="Header Files\Resources\Room">
      <UniqueIdentifier>{c49d179a-9737-4277-80d8-68438e9a323b}</UniqueIdentifier>
    </Filter>
    <Filter Include="Header Files\System\Events\EventArgs">
      <UniqueIdentifier>{a6103987-5cd7-4289-96f3-5bfce27cee4f}</UniqueIdentifier>
    </Filter>
    <Filter Include="Source Files\System\Events\EventArgs">
      <UniqueIdentifier>{3b232c71-d50a-48cf-8873-c0bfc058ba43}</UniqueIdentifier>
    </Filter>
    <Filter Include="Header Files\System\Managers">
      <UniqueIdentifier>{cdf963ef-2496-4655-9b51-530ea28a4b2d}</UniqueIdentifier>
    </Filter>
    <Filter Include="Header Files\System\Controllers">
      <UniqueIdentifier>{c499575c-c487-48ff-8156-1d6a587aadf4}</UniqueIdentifier>
    </Filter>
    <Filter Include="Header Files\System\Properties">
      <UniqueIdentifier>{33d25b72-36e2-4a76-9c02-17f9cd848e31}</UniqueIdentifier>
    </Filter>
    <Filter Include="Source Files\System\Controllers">
      <UniqueIdentifier>{0c917679-558e-4e0a-a18f-86b4e0ea758c}</UniqueIdentifier>
    </Filter>
    <Filter Include="Source Files\System\Managers">
      <UniqueIdentifier>{6bedb1ed-bb1a-43d3-880c-67c17de91d00}</UniqueIdentifier>
    </Filter>
    <Filter Include="Source Files\System\Properties">
      <UniqueIdentifier>{f1a2e734-5b4b-4970-88bb-3a54d77b0924}</UniqueIdentifier>
    </Filter>
    <Filter Include="Header Files\System\Managers\Interfaces">
      <UniqueIdentifier>{0c551570-94f1-40a5-83d3-5fd7f501af0a}</UniqueIdentifier>
    </Filter>
    <Filter Include="Header Files\System\Extensions">
      <UniqueIdentifier>{67cbd171-6e47-4461-b589-0569028b45e3}</UniqueIdentifier>
    </Filter>
    <Filter Include="Source Files\System\Extensions">
      <UniqueIdentifier>{6508da4f-f8ce-47f9-8d0d-177521bf73c3}</UniqueIdentifier>
    </Filter>
  </ItemGroup>
  <ItemGroup>
    <None Include="packages.config" />
    <None Include="Environment.h">
      <Filter>Header Files\System</Filter>
    </None>
  </ItemGroup>
  <ItemGroup>
    <ClCompile Include="Main.cc">
      <Filter>Source Files</Filter>
    </ClCompile>
    <ClCompile Include="Color.cc">
      <Filter>Source Files\Drawing</Filter>
    </ClCompile>
    <ClCompile Include="Graphics.cc">
      <Filter>Source Files\Drawing</Filter>
    </ClCompile>
    <ClCompile Include="Transform.cc">
      <Filter>Source Files\Drawing</Filter>
    </ClCompile>
    <ClCompile Include="Comparison.cc">
      <Filter>Source Files\Helper</Filter>
    </ClCompile>
    <ClCompile Include="Helper.cc">
      <Filter>Source Files\Helper</Filter>
    </ClCompile>
    <ClCompile Include="Movement.cc">
      <Filter>Source Files\Helper</Filter>
    </ClCompile>
    <ClCompile Include="Random.cc">
      <Filter>Source Files\Helper</Filter>
    </ClCompile>
    <ClCompile Include="Stopwatch.cc">
      <Filter>Source Files\Helper</Filter>
    </ClCompile>
    <ClCompile Include="BitPacker.cc">
      <Filter>Source Files\Networking</Filter>
    </ClCompile>
    <ClCompile Include="Connection.cc">
      <Filter>Source Files\Networking</Filter>
    </ClCompile>
    <ClCompile Include="IPAddress.cc">
      <Filter>Source Files\Networking</Filter>
    </ClCompile>
    <ClCompile Include="NetStream.cc">
      <Filter>Source Files\Networking</Filter>
    </ClCompile>
    <ClCompile Include="NetworkConfig.cc">
      <Filter>Source Files\Networking</Filter>
    </ClCompile>
    <ClCompile Include="Packet.cc">
      <Filter>Source Files\Networking</Filter>
    </ClCompile>
    <ClCompile Include="Socket.cc">
      <Filter>Source Files\Networking</Filter>
    </ClCompile>
    <ClCompile Include="UdpClient.cc">
      <Filter>Source Files\Networking</Filter>
    </ClCompile>
    <ClCompile Include="UdpListener.cc">
      <Filter>Source Files\Networking</Filter>
    </ClCompile>
    <ClCompile Include="UdpServer.cc">
      <Filter>Source Files\Networking</Filter>
    </ClCompile>
    <ClCompile Include="ICollidable.cc">
      <Filter>Source Files\Interfaces</Filter>
    </ClCompile>
    <ClCompile Include="IFocusable.cc">
      <Filter>Source Files\Interfaces</Filter>
    </ClCompile>
    <ClCompile Include="IPositionable.cc">
      <Filter>Source Files\Interfaces</Filter>
    </ClCompile>
    <ClCompile Include="ISizeable.cc">
      <Filter>Source Files\Interfaces</Filter>
    </ClCompile>
    <ClCompile Include="ISpriteable.cc">
      <Filter>Source Files\Interfaces</Filter>
    </ClCompile>
    <ClCompile Include="Geometry.cc">
      <Filter>Source Files\Structures</Filter>
    </ClCompile>
    <ClCompile Include="Grid.cc">
      <Filter>Source Files\Structures</Filter>
    </ClCompile>
    <ClCompile Include="GridVisualizer.cc">
      <Filter>Source Files\Structures</Filter>
    </ClCompile>
    <ClCompile Include="Point.cc">
      <Filter>Source Files\Structures</Filter>
    </ClCompile>
    <ClCompile Include="Rectangle.cc">
      <Filter>Source Files\Structures</Filter>
    </ClCompile>
    <ClCompile Include="Size.cc">
      <Filter>Source Files\Structures</Filter>
    </ClCompile>
    <ClCompile Include="Vector2d.cc">
      <Filter>Source Files\Structures</Filter>
    </ClCompile>
    <ClCompile Include="Background.cc">
      <Filter>Source Files\Resources</Filter>
    </ClCompile>
    <ClCompile Include="Bitmap.cc">
      <Filter>Source Files\Resources</Filter>
    </ClCompile>
    <ClCompile Include="Font.cc">
      <Filter>Source Files\Resources</Filter>
    </ClCompile>
    <ClCompile Include="Object.cc">
      <Filter>Source Files\Resources</Filter>
    </ClCompile>
    <ClCompile Include="Particles.cc">
      <Filter>Source Files\Resources</Filter>
    </ClCompile>
    <ClCompile Include="Sprite.cc">
      <Filter>Source Files\Resources</Filter>
    </ClCompile>
    <ClCompile Include="View.cc">
      <Filter>Source Files\Resources</Filter>
    </ClCompile>
    <ClCompile Include="Sound.cc">
      <Filter>Source Files\Resources</Filter>
    </ClCompile>
    <ClCompile Include="CollisionGrid.cc">
      <Filter>Source Files\System\Collision</Filter>
    </ClCompile>
    <ClCompile Include="CollisionManager.cc">
      <Filter>Source Files\System\Collision</Filter>
    </ClCompile>
    <ClCompile Include="CollisionMask.cc">
      <Filter>Source Files\System\Collision</Filter>
    </ClCompile>
    <ClCompile Include="Display.cc">
      <Filter>Source Files\System</Filter>
    </ClCompile>
    <ClCompile Include="Exception.cc">
      <Filter>Source Files\System</Filter>
    </ClCompile>
    <ClCompile Include="Framework.cc">
      <Filter>Source Files\System</Filter>
    </ClCompile>
    <ClCompile Include="Runner.cc">
      <Filter>Source Files\System</Filter>
    </ClCompile>
    <ClCompile Include="SpriteMask.cc">
      <Filter>Source Files\System\Collision</Filter>
    </ClCompile>
    <ClCompile Include="Timer.cc">
      <Filter>Source Files\System</Filter>
    </ClCompile>
    <ClCompile Include="Environment.cc">
      <Filter>Source Files\System</Filter>
    </ClCompile>
    <ClCompile Include="Event.cc">
      <Filter>Source Files\System\Events</Filter>
    </ClCompile>
    <ClCompile Include="EventQueue.cc">
      <Filter>Source Files\System\Events</Filter>
    </ClCompile>
    <ClCompile Include="EventSource.cc">
      <Filter>Source Files\System\Events</Filter>
    </ClCompile>
    <ClCompile Include="AllegroExtensions.cc">
      <Filter>Source Files\System\Allegro</Filter>
    </ClCompile>
    <ClCompile Include="EventArgs.cc">
      <Filter>Source Files\System\Events</Filter>
    </ClCompile>
    <ClCompile Include="CollisionFilter.cc">
      <Filter>Source Files\System\Collision</Filter>
    </ClCompile>
    <ClCompile Include="IUpdatable.cc">
      <Filter>Source Files\Interfaces</Filter>
    </ClCompile>
    <ClCompile Include="GraphicsState.cc">
      <Filter>Source Files\Drawing</Filter>
    </ClCompile>
    <ClCompile Include="Scale.cc">
      <Filter>Source Files\Resources</Filter>
    </ClCompile>
    <ClCompile Include="Tileset.cc">
      <Filter>Source Files\Resources</Filter>
    </ClCompile>
    <ClCompile Include="Properties.cc">
      <Filter>Source Files\System</Filter>
    </ClCompile>
    <ClCompile Include="NarrowPhaseCollisionManager.cc">
      <Filter>Source Files\System\Collision</Filter>
    </ClCompile>
    <ClCompile Include="DrawEventArgs.cc">
      <Filter>Source Files\System\Events\EventArgs</Filter>
    </ClCompile>
    <ClCompile Include="UpdateEventArgs.cc">
      <Filter>Source Files\System\Events\EventArgs</Filter>
    </ClCompile>
    <ClCompile Include="RoomEnterEventArgs.cc">
      <Filter>Source Files\System\Events\EventArgs</Filter>
    </ClCompile>
    <ClCompile Include="RoomExitEventArgs.cc">
      <Filter>Source Files\System\Events\EventArgs</Filter>
    </ClCompile>
    <ClCompile Include="ViewUpdateEventArgs.cc">
      <Filter>Source Files\System\Events\EventArgs</Filter>
    </ClCompile>
    <ClCompile Include="BackgroundDrawEventArgs.cc">
      <Filter>Source Files\System\Events\EventArgs</Filter>
    </ClCompile>
    <ClCompile Include="RoomBase.cc">
      <Filter>Source Files\Resources\Room</Filter>
    </ClCompile>
    <ClCompile Include="RoomController.cc">
      <Filter>Source Files\System\Controllers</Filter>
    </ClCompile>
    <ClCompile Include="BackgroundManager.cc">
      <Filter>Source Files\System\Managers</Filter>
    </ClCompile>
    <ClCompile Include="BackgroundProperties.cc">
      <Filter>Source Files\System\Properties</Filter>
    </ClCompile>
    <ClCompile Include="ViewManager.cc">
      <Filter>Source Files\System\Managers</Filter>
    </ClCompile>
    <ClCompile Include="GameManager.cc">
      <Filter>Source Files\System\Managers</Filter>
    </ClCompile>
    <ClCompile Include="ResourceManager.cc">
      <Filter>Source Files\System\Managers</Filter>
    </ClCompile>
    <ClCompile Include="ObjectManager.cc">
      <Filter>Source Files\System\Managers</Filter>
    </ClCompile>
    <ClCompile Include="RoomManager.cc">
      <Filter>Source Files\System\Managers</Filter>
    </ClCompile>
    <ClCompile Include="Room.cc">
      <Filter>Source Files\Resources\Room</Filter>
    </ClCompile>
    <ClCompile Include="gui\Button.cc">
      <Filter>Source Files\Resources\GUI</Filter>
    </ClCompile>
    <ClCompile Include="gui\Container.cc">
      <Filter>Source Files\Resources\GUI</Filter>
    </ClCompile>
    <ClCompile Include="gui\Control.cc">
      <Filter>Source Files\Resources\GUI</Filter>
    </ClCompile>
    <ClCompile Include="gui\ControlController.cc">
      <Filter>Source Files\Resources\GUI</Filter>
    </ClCompile>
    <ClCompile Include="gui\GuiExtension.cc">
      <Filter>Source Files\Resources\GUI</Filter>
    </ClCompile>
    <ClCompile Include="gui\GuiManager.cc">
      <Filter>Source Files\Resources\GUI</Filter>
    </ClCompile>
    <ClCompile Include="gui\ITextable.cc">
      <Filter>Source Files\Resources\GUI</Filter>
    </ClCompile>
    <ClCompile Include="gui\Panel.cc">
      <Filter>Source Files\Resources\GUI</Filter>
    </ClCompile>
    <ClCompile Include="gui\Scrollbar.cc">
      <Filter>Source Files\Resources\GUI</Filter>
    </ClCompile>
    <ClCompile Include="gui\StyleManager.cc">
      <Filter>Source Files\Resources\GUI</Filter>
    </ClCompile>
    <ClCompile Include="gui\Window.cc">
      <Filter>Source Files\Resources\GUI</Filter>
    </ClCompile>
    <ClCompile Include="Utf8String.cc">
      <Filter>Source Files\System</Filter>
    </ClCompile>
    <ClCompile Include="StringHelper.cc">
      <Filter>Source Files\Helper</Filter>
    </ClCompile>
    <ClCompile Include="io\Clipboard.cc">
      <Filter>Source Files\IO</Filter>
    </ClCompile>
    <ClCompile Include="io\Directory.cc">
      <Filter>Source Files\IO</Filter>
    </ClCompile>
    <ClCompile Include="io\File.cc">
      <Filter>Source Files\IO</Filter>
    </ClCompile>
    <ClCompile Include="io\Keyboard.cc">
      <Filter>Source Files\IO</Filter>
    </ClCompile>
    <ClCompile Include="io\Mouse.cc">
      <Filter>Source Files\IO</Filter>
    </ClCompile>
    <ClCompile Include="io\Path.cc">
      <Filter>Source Files\IO</Filter>
    </ClCompile>
  </ItemGroup>
  <ItemGroup>
    <ClInclude Include="ExampleGame.h">
      <Filter>Header Files\System\Example</Filter>
    </ClInclude>
    <ClInclude Include="Background.h">
      <Filter>Header Files\Resources</Filter>
    </ClInclude>
    <ClInclude Include="BitFlags.h">
      <Filter>Header Files\Helper</Filter>
    </ClInclude>
    <ClInclude Include="Bitmap.h">
      <Filter>Header Files\Resources</Filter>
    </ClInclude>
    <ClInclude Include="BitPacker.h">
      <Filter>Header Files\Networking</Filter>
    </ClInclude>
    <ClInclude Include="CollisionGrid.h">
      <Filter>Header Files\System\Collision</Filter>
    </ClInclude>
    <ClInclude Include="CollisionManager.h">
      <Filter>Header Files\System\Collision</Filter>
    </ClInclude>
    <ClInclude Include="CollisionMask.h">
      <Filter>Header Files\System\Collision</Filter>
    </ClInclude>
    <ClInclude Include="Color.h">
      <Filter>Header Files\Drawing</Filter>
    </ClInclude>
    <ClInclude Include="Comparison.h">
      <Filter>Header Files\Helper</Filter>
    </ClInclude>
    <ClInclude Include="Connection.h">
      <Filter>Header Files\Networking</Filter>
    </ClInclude>
    <ClInclude Include="DataGrid.h">
      <Filter>Header Files\Structures</Filter>
    </ClInclude>
    <ClInclude Include="Display.h">
      <Filter>Header Files\System</Filter>
    </ClInclude>
    <ClInclude Include="Encryption.h">
      <Filter>Header Files\Helper\Encryption</Filter>
    </ClInclude>
    <ClInclude Include="Exception.h">
      <Filter>Header Files\System</Filter>
    </ClInclude>
    <ClInclude Include="Font.h">
      <Filter>Header Files\Resources</Filter>
    </ClInclude>
    <ClInclude Include="Framework.h">
      <Filter>Header Files\System</Filter>
    </ClInclude>
    <ClInclude Include="Geometry.h">
      <Filter>Header Files\Structures</Filter>
    </ClInclude>
    <ClInclude Include="Graphics.h">
      <Filter>Header Files\Drawing</Filter>
    </ClInclude>
    <ClInclude Include="Grid.h">
      <Filter>Header Files\Structures</Filter>
    </ClInclude>
    <ClInclude Include="GridVisualizer.h">
      <Filter>Header Files\Structures</Filter>
    </ClInclude>
    <ClInclude Include="Hash.h">
      <Filter>Header Files\Helper\Encryption</Filter>
    </ClInclude>
    <ClInclude Include="Helper.h">
      <Filter>Header Files\Helper</Filter>
    </ClInclude>
    <ClInclude Include="ICloneable.h">
      <Filter>Header Files\Interfaces</Filter>
    </ClInclude>
    <ClInclude Include="ICollidable.h">
      <Filter>Header Files\Interfaces</Filter>
    </ClInclude>
    <ClInclude Include="IDisposable.h">
      <Filter>Header Files\Interfaces</Filter>
    </ClInclude>
    <ClInclude Include="IDrawable.h">
      <Filter>Header Files\Interfaces</Filter>
    </ClInclude>
    <ClInclude Include="IFocusable.h">
      <Filter>Header Files\Interfaces</Filter>
    </ClInclude>
    <ClInclude Include="IStringable.h">
      <Filter>Header Files\Interfaces</Filter>
    </ClInclude>
    <ClInclude Include="IPositionable.h">
      <Filter>Header Files\Interfaces</Filter>
    </ClInclude>
    <ClInclude Include="IScrollable.h">
      <Filter>Header Files\Interfaces</Filter>
    </ClInclude>
    <ClInclude Include="ISizeable.h">
      <Filter>Header Files\Interfaces</Filter>
    </ClInclude>
    <ClInclude Include="ISpriteable.h">
      <Filter>Header Files\Interfaces</Filter>
    </ClInclude>
    <ClInclude Include="ITransformable.h">
      <Filter>Header Files\Interfaces</Filter>
    </ClInclude>
    <ClInclude Include="IUpdatable.h">
      <Filter>Header Files\Interfaces</Filter>
    </ClInclude>
    <ClInclude Include="IPAddress.h">
      <Filter>Header Files\Networking</Filter>
    </ClInclude>
    <ClInclude Include="MD5.h">
      <Filter>Header Files\Helper\Encryption</Filter>
    </ClInclude>
    <ClInclude Include="Movement.h">
      <Filter>Header Files\Helper</Filter>
    </ClInclude>
    <ClInclude Include="NetStream.h">
      <Filter>Header Files\Networking</Filter>
    </ClInclude>
    <ClInclude Include="NetworkConfig.h">
      <Filter>Header Files\Networking</Filter>
    </ClInclude>
    <ClInclude Include="Object.h">
      <Filter>Header Files\Resources</Filter>
    </ClInclude>
    <ClInclude Include="Packet.h">
      <Filter>Header Files\Networking</Filter>
    </ClInclude>
    <ClInclude Include="Particles.h">
      <Filter>Header Files\Resources</Filter>
    </ClInclude>
    <ClInclude Include="Point.h">
      <Filter>Header Files\Structures</Filter>
    </ClInclude>
    <ClInclude Include="Quadtree.h">
      <Filter>Header Files\Structures</Filter>
    </ClInclude>
    <ClInclude Include="UdpServer.h">
      <Filter>Header Files\Networking</Filter>
    </ClInclude>
    <ClInclude Include="UdpListener.h">
      <Filter>Header Files\Networking</Filter>
    </ClInclude>
    <ClInclude Include="UdpClient.h">
      <Filter>Header Files\Networking</Filter>
    </ClInclude>
    <ClInclude Include="Socket.h">
      <Filter>Header Files\Networking</Filter>
    </ClInclude>
    <ClInclude Include="ResourceCollection.h">
      <Filter>Header Files\Resources</Filter>
    </ClInclude>
    <ClInclude Include="Random.h">
      <Filter>Header Files\Helper</Filter>
    </ClInclude>
    <ClInclude Include="Range.h">
      <Filter>Header Files\Structures</Filter>
    </ClInclude>
    <ClInclude Include="Rectangle.h">
      <Filter>Header Files\Structures</Filter>
    </ClInclude>
    <ClInclude Include="Size.h">
      <Filter>Header Files\Structures</Filter>
    </ClInclude>
    <ClInclude Include="Sprite.h">
      <Filter>Header Files\Resources</Filter>
    </ClInclude>
    <ClInclude Include="View.h">
      <Filter>Header Files\Resources</Filter>
    </ClInclude>
    <ClInclude Include="Sound.h">
      <Filter>Header Files\Resources</Filter>
    </ClInclude>
    <ClInclude Include="Vector2d.h">
      <Filter>Header Files\Structures</Filter>
    </ClInclude>
    <ClInclude Include="Transform.h">
      <Filter>Header Files\Drawing</Filter>
    </ClInclude>
    <ClInclude Include="Timer.h">
      <Filter>Header Files\System</Filter>
    </ClInclude>
    <ClInclude Include="Runner.h">
      <Filter>Header Files\System</Filter>
    </ClInclude>
    <ClInclude Include="Sorting.h">
      <Filter>Header Files\Helper</Filter>
    </ClInclude>
    <ClInclude Include="Stopwatch.h">
      <Filter>Header Files\Helper</Filter>
    </ClInclude>
    <ClInclude Include="SpriteMask.h">
      <Filter>Header Files\System\Collision</Filter>
    </ClInclude>
    <ClInclude Include="ExampleGame2.h">
      <Filter>Header Files\System\Example</Filter>
    </ClInclude>
    <ClInclude Include="HVN3.h">
      <Filter>Header Files\System</Filter>
    </ClInclude>
    <ClInclude Include="ExampleGame3.h">
      <Filter>Header Files\System\Example</Filter>
    </ClInclude>
    <ClInclude Include="Event.h">
      <Filter>Header Files\System\Events</Filter>
    </ClInclude>
    <ClInclude Include="EventQueue.h">
      <Filter>Header Files\System\Events</Filter>
    </ClInclude>
    <ClInclude Include="EventSource.h">
      <Filter>Header Files\System\Events</Filter>
    </ClInclude>
    <ClInclude Include="AllegroExtensions.h">
      <Filter>Header Files\System\Allegro</Filter>
    </ClInclude>
    <ClInclude Include="EventArgs.h">
      <Filter>Header Files\System\Events</Filter>
    </ClInclude>
    <ClInclude Include="CollisionFilter.h">
      <Filter>Header Files\System\Collision</Filter>
    </ClInclude>
    <ClInclude Include="GraphicsState.h">
      <Filter>Header Files\Drawing</Filter>
    </ClInclude>
    <ClInclude Include="Scale.h">
      <Filter>Header Files\Helper</Filter>
    </ClInclude>
    <ClInclude Include="Tileset.h">
      <Filter>Header Files\Resources</Filter>
    </ClInclude>
    <ClInclude Include="IBroadPhaseCollisionManager.h">
      <Filter>Header Files\System\Collision</Filter>
    </ClInclude>
    <ClInclude Include="ICollisionManager.h">
      <Filter>Header Files\System\Collision</Filter>
    </ClInclude>
    <ClInclude Include="NarrowPhaseCollisionManager.h">
      <Filter>Header Files\System\Collision</Filter>
    </ClInclude>
    <ClInclude Include="DrawEventArgs.h">
      <Filter>Header Files\System\Events\EventArgs</Filter>
    </ClInclude>
    <ClInclude Include="RoomEnterEventArgs.h">
      <Filter>Header Files\System\Events\EventArgs</Filter>
    </ClInclude>
    <ClInclude Include="UpdateEventArgs.h">
      <Filter>Header Files\System\Events\EventArgs</Filter>
    </ClInclude>
    <ClInclude Include="RoomExitEventArgs.h">
      <Filter>Header Files\System\Events\EventArgs</Filter>
    </ClInclude>
    <ClInclude Include="IRoom.h">
      <Filter>Header Files\Interfaces</Filter>
    </ClInclude>
    <ClInclude Include="BackgroundDrawEventArgs.h">
      <Filter>Header Files\System\Events\EventArgs</Filter>
    </ClInclude>
    <ClInclude Include="ViewUpdateEventArgs.h">
      <Filter>Header Files\System\Events\EventArgs</Filter>
    </ClInclude>
    <ClInclude Include="RoomBase.h">
      <Filter>Header Files\Resources\Room</Filter>
    </ClInclude>
    <ClInclude Include="Room.h">
      <Filter>Header Files\Resources\Room</Filter>
    </ClInclude>
    <ClInclude Include="GameManager.h">
      <Filter>Header Files\System\Managers</Filter>
    </ClInclude>
    <ClInclude Include="ObjectManager.h">
      <Filter>Header Files\System\Managers</Filter>
    </ClInclude>
    <ClInclude Include="ResourceManager.h">
      <Filter>Header Files\System\Managers</Filter>
    </ClInclude>
    <ClInclude Include="RoomManager.h">
      <Filter>Header Files\System\Managers</Filter>
    </ClInclude>
    <ClInclude Include="BackgroundManager.h">
      <Filter>Header Files\System\Managers</Filter>
    </ClInclude>
    <ClInclude Include="ViewManager.h">
      <Filter>Header Files\System\Managers</Filter>
    </ClInclude>
    <ClInclude Include="RoomController.h">
      <Filter>Header Files\System\Controllers</Filter>
    </ClInclude>
    <ClInclude Include="Properties.h">
      <Filter>Header Files\System\Properties</Filter>
    </ClInclude>
    <ClInclude Include="BackgroundProperties.h">
      <Filter>Header Files\System\Properties</Filter>
    </ClInclude>
    <ClInclude Include="IBackgroundManager.h">
      <Filter>Header Files\System\Managers\Interfaces</Filter>
    </ClInclude>
    <ClInclude Include="IObjectManager.h">
      <Filter>Header Files\System\Managers\Interfaces</Filter>
    </ClInclude>
    <ClInclude Include="IViewManager.h">
      <Filter>Header Files\System\Managers\Interfaces</Filter>
    </ClInclude>
    <ClInclude Include="IRoomManager.h">
      <Filter>Header Files\System\Managers\Interfaces</Filter>
    </ClInclude>
    <ClInclude Include="IExtension.h">
      <Filter>Header Files\System\Extensions</Filter>
    </ClInclude>
    <ClInclude Include="gui\Panel.h">
      <Filter>Header Files\Resources\GUI</Filter>
    </ClInclude>
    <ClInclude Include="gui\Scrollbar.h">
      <Filter>Header Files\Resources\GUI</Filter>
    </ClInclude>
    <ClInclude Include="gui\StyleManager.h">
      <Filter>Header Files\Resources\GUI</Filter>
    </ClInclude>
    <ClInclude Include="gui\Textbox.h">
      <Filter>Header Files\Resources\GUI</Filter>
    </ClInclude>
    <ClInclude Include="gui\Window.h">
      <Filter>Header Files\Resources\GUI</Filter>
    </ClInclude>
    <ClInclude Include="gui\Button.h">
      <Filter>Header Files\Resources\GUI</Filter>
    </ClInclude>
    <ClInclude Include="gui\Container.h">
      <Filter>Header Files\Resources\GUI</Filter>
    </ClInclude>
    <ClInclude Include="gui\Control.h">
      <Filter>Header Files\Resources\GUI</Filter>
    </ClInclude>
    <ClInclude Include="gui\ControlController.h">
      <Filter>Header Files\Resources\GUI</Filter>
    </ClInclude>
    <ClInclude Include="gui\Gui.h">
      <Filter>Header Files\Resources\GUI</Filter>
    </ClInclude>
    <ClInclude Include="gui\GuiExtension.h">
      <Filter>Header Files\Resources\GUI</Filter>
    </ClInclude>
    <ClInclude Include="gui\GuiManager.h">
      <Filter>Header Files\Resources\GUI</Filter>
    </ClInclude>
    <ClInclude Include="gui\IContainer.h">
      <Filter>Header Files\Resources\GUI</Filter>
    </ClInclude>
    <ClInclude Include="gui\ITextable.h">
      <Filter>Header Files\Resources\GUI</Filter>
    </ClInclude>
    <ClInclude Include="Utf8String.h">
      <Filter>Header Files\System</Filter>
    </ClInclude>
    <ClInclude Include="StringHelper.h">
      <Filter>Header Files\Helper</Filter>
    </ClInclude>
    <ClInclude Include="io\Clipboard.h">
      <Filter>Header Files\IO</Filter>
    </ClInclude>
    <ClInclude Include="io\Directory.h">
      <Filter>Header Files\IO</Filter>
    </ClInclude>
    <ClInclude Include="io\File.h">
      <Filter>Header Files\IO</Filter>
    </ClInclude>
    <ClInclude Include="io\IO.h">
      <Filter>Header Files\IO</Filter>
    </ClInclude>
    <ClInclude Include="io\Keyboard.h">
      <Filter>Header Files\IO</Filter>
    </ClInclude>
    <ClInclude Include="io\Mouse.h">
      <Filter>Header Files\IO</Filter>
    </ClInclude>
    <ClInclude Include="io\Path.h">
      <Filter>Header Files\IO</Filter>
    </ClInclude>
  </ItemGroup>
  <ItemGroup>
    <Image Include="data\test\tileset1.png">
      <Filter>Resource Files\data\test</Filter>
    </Image>
  </ItemGroup>
</Project>