<?xml version="1.0" encoding="utf-8"?>
<Project ToolsVersion="4.0" xmlns="http://schemas.microsoft.com/developer/msbuild/2003">
  <ItemGroup>
    <Filter Include="Source Files">
      <UniqueIdentifier>{4FC737F1-C7A5-4376-A066-2A32D752A2FF}</UniqueIdentifier>
      <Extensions>cpp;c;cc;cxx;c++;def;odl;idl;hpj;bat;asm;asmx</Extensions>
    </Filter>
    <Filter Include="Header Files">
      <UniqueIdentifier>{93995380-89BD-4b04-88EB-625FBE52EBFB}</UniqueIdentifier>
      <Extensions>h;hh;hpp;hxx;h++;hm;inl;inc;ipp;xsd</Extensions>
    </Filter>
    <Filter Include="Resource Files">
      <UniqueIdentifier>{67DA6AB6-F800-4c08-8B7A-83BB121AAD01}</UniqueIdentifier>
      <Extensions>rc;ico;cur;bmp;dlg;rc2;rct;bin;rgs;gif;jpg;jpeg;jpe;resx;tiff;tif;png;wav;mfcribbon-ms</Extensions>
    </Filter>
  </ItemGroup>
  <ItemGroup>
    <ClInclude Include="include\core\engine_modules.h">
      <Filter>Header Files</Filter>
    </ClInclude>
    <ClInclude Include="include\core\engine.h">
      <Filter>Header Files</Filter>
    </ClInclude>
    <ClInclude Include="include\events\ievent_source.h">
      <Filter>Header Files</Filter>
    </ClInclude>
    <ClInclude Include="include\core\utf8_string.h">
      <Filter>Header Files</Filter>
    </ClInclude>
    <ClInclude Include="include\iterators\iterable_range.h">
      <Filter>Header Files</Filter>
    </ClInclude>
    <ClInclude Include="include\iterators\output_transform_iterator.h">
      <Filter>Header Files</Filter>
    </ClInclude>
    <ClInclude Include="include\iterators\reverse_iterator.h">
      <Filter>Header Files</Filter>
    </ClInclude>
    <ClInclude Include="include\iterators\stashing_transform_iterator.h">
      <Filter>Header Files</Filter>
    </ClInclude>
    <ClInclude Include="include\iterators\transform_iterator.h">
      <Filter>Header Files</Filter>
    </ClInclude>
    <ClInclude Include="include\allegro\allegro_ustr_iterator.h">
      <Filter>Header Files</Filter>
    </ClInclude>
    <ClInclude Include="include\core\algorithm.h">
      <Filter>Header Files</Filter>
    </ClInclude>
    <ClInclude Include="include\iterators\cstring_iterator.h">
      <Filter>Header Files</Filter>
    </ClInclude>
    <ClInclude Include="include\core\time_span.h">
      <Filter>Header Files</Filter>
    </ClInclude>
    <ClInclude Include="include\events\event_queue.h">
      <Filter>Header Files</Filter>
    </ClInclude>
    <ClInclude Include="include\events\ievent.h">
      <Filter>Header Files</Filter>
    </ClInclude>
    <ClInclude Include="include\events\event.h">
      <Filter>Header Files</Filter>
    </ClInclude>
    <ClInclude Include="include\events\event_type.h">
      <Filter>Header Files</Filter>
    </ClInclude>
    <ClInclude Include="include\events\event_manager.h">
      <Filter>Header Files</Filter>
    </ClInclude>
    <ClInclude Include="include\services\di_service_container.h">
      <Filter>Header Files</Filter>
    </ClInclude>
    <ClInclude Include="include\services\service_container.h">
      <Filter>Header Files</Filter>
    </ClInclude>
    <ClInclude Include="include\core\type_list.h">
      <Filter>Header Files</Filter>
    </ClInclude>
    <ClInclude Include="include\core\type_traits.h">
      <Filter>Header Files</Filter>
    </ClInclude>
    <ClInclude Include="include\events\event_listener_base.h">
      <Filter>Header Files</Filter>
    </ClInclude>
    <ClInclude Include="include\events\event_listener_priority.h">
      <Filter>Header Files</Filter>
    </ClInclude>
    <ClInclude Include="include\events\iuser_event.h">
      <Filter>Header Files</Filter>
    </ClInclude>
    <ClInclude Include="include\core\type_index.h">
      <Filter>Header Files</Filter>
    </ClInclude>
    <ClInclude Include="include\events\user_event.h">
      <Filter>Header Files</Filter>
    </ClInclude>
    <ClInclude Include="include\events\event_listener_base_base.h">
      <Filter>Header Files</Filter>
    </ClInclude>
    <ClInclude Include="include\events\ievent_bus.h">
      <Filter>Header Files</Filter>
    </ClInclude>
    <ClInclude Include="include\events\event_bus.h">
      <Filter>Header Files</Filter>
    </ClInclude>
    <ClInclude Include="include\events\multi_event_bus.h">
      <Filter>Header Files</Filter>
    </ClInclude>
    <ClInclude Include="include\events\ievent_queue.h">
      <Filter>Header Files</Filter>
    </ClInclude>
    <ClInclude Include="include\core\lazy.h">
      <Filter>Header Files</Filter>
    </ClInclude>
    <ClInclude Include="include\events\ievent_manager.h">
      <Filter>Header Files</Filter>
    </ClInclude>
    <ClInclude Include="include\events\user_event_source.h">
      <Filter>Header Files</Filter>
    </ClInclude>
    <ClInclude Include="include\math\epsilon.h">
      <Filter>Header Files</Filter>
    </ClInclude>
    <ClInclude Include="include\math\line.h">
      <Filter>Header Files</Filter>
    </ClInclude>
    <ClInclude Include="include\math\math.h">
      <Filter>Header Files</Filter>
    </ClInclude>
    <ClInclude Include="include\math\point.h">
      <Filter>Header Files</Filter>
    </ClInclude>
    <ClInclude Include="include\math\quadrant.h">
      <Filter>Header Files</Filter>
    </ClInclude>
    <ClInclude Include="include\math\rectangle.h">
      <Filter>Header Files</Filter>
    </ClInclude>
    <ClInclude Include="include\math\vector.h">
      <Filter>Header Files</Filter>
    </ClInclude>
    <ClInclude Include="include\graphics\alignment.h">
      <Filter>Header Files</Filter>
    </ClInclude>
    <ClInclude Include="include\graphics\bitmap.h">
      <Filter>Header Files</Filter>
    </ClInclude>
    <ClInclude Include="include\graphics\bitmap_data.h">
      <Filter>Header Files</Filter>
    </ClInclude>
    <ClInclude Include="include\graphics\bitmap_options.h">
      <Filter>Header Files</Filter>
    </ClInclude>
    <ClInclude Include="include\graphics\color.h">
      <Filter>Header Files</Filter>
    </ClInclude>
    <ClInclude Include="include\graphics\font.h">
      <Filter>Header Files</Filter>
    </ClInclude>
    <ClInclude Include="include\graphics\font_format.h">
      <Filter>Header Files</Filter>
    </ClInclude>
    <ClInclude Include="include\graphics\font_options.h">
      <Filter>Header Files</Filter>
    </ClInclude>
    <ClInclude Include="include\graphics\graphics.h">
      <Filter>Header Files</Filter>
    </ClInclude>
    <ClInclude Include="include\graphics\graphics_base.h">
      <Filter>Header Files</Filter>
    </ClInclude>
    <ClInclude Include="include\graphics\ibrush.h">
      <Filter>Header Files</Filter>
    </ClInclude>
    <ClInclude Include="include\graphics\igraphics.h">
      <Filter>Header Files</Filter>
    </ClInclude>
    <ClInclude Include="include\graphics\image_format.h">
      <Filter>Header Files</Filter>
    </ClInclude>
    <ClInclude Include="include\graphics\ipen.h">
      <Filter>Header Files</Filter>
    </ClInclude>
    <ClInclude Include="include\graphics\pen.h">
      <Filter>Header Files</Filter>
    </ClInclude>
    <ClInclude Include="include\graphics\pixel_format.h">
      <Filter>Header Files</Filter>
    </ClInclude>
    <ClInclude Include="include\graphics\transform.h">
      <Filter>Header Files</Filter>
    </ClInclude>
    <ClInclude Include="include\io\file_access.h">
      <Filter>Header Files</Filter>
    </ClInclude>
    <ClInclude Include="include\utilities\bitflags.h">
      <Filter>Header Files</Filter>
    </ClInclude>
    <ClInclude Include="include\utilities\convert.h">
      <Filter>Header Files</Filter>
    </ClInclude>
    <ClInclude Include="include\utilities\hash_builder.h">
      <Filter>Header Files</Filter>
    </ClInclude>
    <ClInclude Include="include\utilities\string_comparison.h">
      <Filter>Header Files</Filter>
    </ClInclude>
    <ClInclude Include="include\utilities\string_utilities.h">
      <Filter>Header Files</Filter>
    </ClInclude>
    <ClInclude Include="include\core\window.h">
      <Filter>Header Files</Filter>
    </ClInclude>
    <ClInclude Include="include\core\window_options.h">
      <Filter>Header Files</Filter>
    </ClInclude>
    <ClInclude Include="include\core\size.h">
      <Filter>Header Files</Filter>
    </ClInclude>
    <ClInclude Include="include\core\random.h">
      <Filter>Header Files</Filter>
    </ClInclude>
    <ClInclude Include="include\events\display_events.h">
      <Filter>Header Files</Filter>
    </ClInclude>
    <ClInclude Include="include\events\event_base.h">
      <Filter>Header Files</Filter>
    </ClInclude>
    <ClInclude Include="include\core\iapp.h">
      <Filter>Header Files</Filter>
    </ClInclude>
    <ClInclude Include="include\core\app_base.h">
      <Filter>Header Files</Filter>
    </ClInclude>
    <ClInclude Include="include\core\game_app.h">
      <Filter>Header Files</Filter>
    </ClInclude>
    <ClInclude Include="include\events\timer.h">
      <Filter>Header Files</Filter>
    </ClInclude>
    <ClInclude Include="include\events\event_source.h">
      <Filter>Header Files</Filter>
    </ClInclude>
    <ClInclude Include="include\events\timer_events.h">
      <Filter>Header Files</Filter>
    </ClInclude>
    <ClInclude Include="include\graphics\igraphics_manager.h">
      <Filter>Header Files</Filter>
    </ClInclude>
    <ClInclude Include="include\graphics\graphics_manager.h">
      <Filter>Header Files</Filter>
    </ClInclude>
    <ClInclude Include="include\events\draw_events.h">
      <Filter>Header Files</Filter>
    </ClInclude>
    <ClInclude Include="include\core\idisplay_manager.h">
      <Filter>Header Files</Filter>
    </ClInclude>
    <ClInclude Include="include\core\idisplay.h">
      <Filter>Header Files</Filter>
    </ClInclude>
    <ClInclude Include="include\core\display_manager.h">
      <Filter>Header Files</Filter>
    </ClInclude>
    <ClInclude Include="include\core\display_options.h">
      <Filter>Header Files</Filter>
    </ClInclude>
  </ItemGroup>
  <ItemGroup>
    <ClCompile Include="src\core\engine.cc">
      <Filter>Source Files</Filter>
    </ClCompile>
    <ClCompile Include="src\core\utf8_string.cc">
      <Filter>Source Files</Filter>
    </ClCompile>
    <ClCompile Include="src\allegro\allegro_ustr_iterator.cc">
      <Filter>Source Files</Filter>
    </ClCompile>
    <ClCompile Include="src\core\time_span.cc">
      <Filter>Source Files</Filter>
    </ClCompile>
    <ClCompile Include="src\core\event_queue.cc">
      <Filter>Source Files</Filter>
    </ClCompile>
    <ClCompile Include="src\events\multi_event_bus.cc">
      <Filter>Source Files</Filter>
    </ClCompile>
    <ClCompile Include="src\services\service_container.cc">
      <Filter>Source Files</Filter>
    </ClCompile>
    <ClCompile Include="src\services\di_service_container.cc">
      <Filter>Source Files</Filter>
    </ClCompile>
    <ClCompile Include="src\events\event_manager.cc">
      <Filter>Source Files</Filter>
    </ClCompile>
    <ClCompile Include="src\events\user_event_source.cc">
      <Filter>Source Files</Filter>
    </ClCompile>
    <ClCompile Include="src\events\event.cc">
      <Filter>Source Files</Filter>
    </ClCompile>
    <ClCompile Include="src\math\math.cc">
      <Filter>Source Files</Filter>
    </ClCompile>
    <ClCompile Include="src\math\epsilon.cc">
      <Filter>Source Files</Filter>
    </ClCompile>
    <ClCompile Include="src\graphics\bitmap.cc">
      <Filter>Source Files</Filter>
    </ClCompile>
    <ClCompile Include="src\graphics\bitmap_data.cc">
      <Filter>Source Files</Filter>
    </ClCompile>
    <ClCompile Include="src\graphics\color.cc">
      <Filter>Source Files</Filter>
    </ClCompile>
    <ClCompile Include="src\graphics\font.cc">
      <Filter>Source Files</Filter>
    </ClCompile>
    <ClCompile Include="src\graphics\graphics.cc">
      <Filter>Source Files</Filter>
    </ClCompile>
    <ClCompile Include="src\graphics\graphics_base.cc">
      <Filter>Source Files</Filter>
    </ClCompile>
    <ClCompile Include="src\graphics\image_format.cc">
      <Filter>Source Files</Filter>
    </ClCompile>
    <ClCompile Include="src\graphics\pen.cc">
      <Filter>Source Files</Filter>
    </ClCompile>
    <ClCompile Include="src\graphics\transform.cc">
      <Filter>Source Files</Filter>
    </ClCompile>
    <ClCompile Include="src\utilities\hash_builder.cc">
      <Filter>Source Files</Filter>
    </ClCompile>
    <ClCompile Include="src\utilities\string_utilities.cc">
      <Filter>Source Files</Filter>
    </ClCompile>
    <ClCompile Include="src\core\window.cc">
      <Filter>Source Files</Filter>
    </ClCompile>
    <ClCompile Include="src\core\random.cc">
      <Filter>Source Files</Filter>
    </ClCompile>
    <ClCompile Include="src\core\app_base.cc">
      <Filter>Source Files</Filter>
    </ClCompile>
    <ClCompile Include="src\core\game_app.cc">
      <Filter>Source Files</Filter>
    </ClCompile>
    <ClCompile Include="src\events\timer.cc">
      <Filter>Source Files</Filter>
    </ClCompile>
    <ClCompile Include="src\events\event_source.cc">
      <Filter>Source Files</Filter>
    </ClCompile>
    <ClCompile Include="src\graphics\graphics_manager.cc">
      <Filter>Source Files</Filter>
    </ClCompile>
    <ClCompile Include="src\events\draw_events.cc">
      <Filter>Source Files</Filter>
    </ClCompile>
    <ClCompile Include="src\core\display_options.cc">
      <Filter>Source Files</Filter>
    </ClCompile>
    <ClCompile Include="src\core\display_manager.cc">
      <Filter>Source Files</Filter>
    </ClCompile>
    <ClCompile Include="src\events\display_events.cc">
      <Filter>Source Files</Filter>
    </ClCompile>
  </ItemGroup>
  <ItemGroup>
    <None Include="packages.config" />
  </ItemGroup>
</Project>