<?xml version="1.0" encoding="utf-8"?>
<Project ToolsVersion="4.0" xmlns="http://schemas.microsoft.com/developer/msbuild/2003">
  <ItemGroup>
    <Filter Include="include">
      <UniqueIdentifier>{9892907c-1427-4bb6-b852-0ca71060e111}</UniqueIdentifier>
    </Filter>
    <Filter Include="src">
      <UniqueIdentifier>{4465de78-72ab-4ecf-8828-2b3314d5af2b}</UniqueIdentifier>
    </Filter>
    <Filter Include="include\allegro">
      <UniqueIdentifier>{7537dca1-280c-4fc6-a1f9-19bacfaa54e3}</UniqueIdentifier>
    </Filter>
    <Filter Include="include\backgrounds">
      <UniqueIdentifier>{7def2901-cba6-434b-8be0-1cb9ce301ffe}</UniqueIdentifier>
    </Filter>
    <Filter Include="include\collision">
      <UniqueIdentifier>{96132b66-951a-40fc-838d-43c759b3b31a}</UniqueIdentifier>
    </Filter>
    <Filter Include="include\core">
      <UniqueIdentifier>{a3dfd3e9-83ae-40dc-b5a9-ed713fd0469f}</UniqueIdentifier>
    </Filter>
    <Filter Include="include\events">
      <UniqueIdentifier>{6035d5c2-36f1-4e8e-bb46-4778fcac8f67}</UniqueIdentifier>
    </Filter>
    <Filter Include="include\exceptions">
      <UniqueIdentifier>{b0784eed-8e12-432e-b62f-0106cae30d56}</UniqueIdentifier>
    </Filter>
    <Filter Include="include\fonts">
      <UniqueIdentifier>{5fd53415-65fb-4671-81b7-face9f753b6a}</UniqueIdentifier>
    </Filter>
    <Filter Include="include\graphics">
      <UniqueIdentifier>{866ca3bf-4372-4b3f-b837-3201f5fd4aad}</UniqueIdentifier>
    </Filter>
    <Filter Include="include\io">
      <UniqueIdentifier>{8755feb2-63d3-4db0-a554-588a7243ce9f}</UniqueIdentifier>
    </Filter>
    <Filter Include="include\math">
      <UniqueIdentifier>{26e5a143-e123-45ad-a950-6987834b7f14}</UniqueIdentifier>
    </Filter>
    <Filter Include="include\net">
      <UniqueIdentifier>{ea59f207-0ede-46d8-a21c-d470b08b8112}</UniqueIdentifier>
    </Filter>
    <Filter Include="include\objects">
      <UniqueIdentifier>{7da3fdc1-c1d1-4b4a-a26f-c20c6ecdb575}</UniqueIdentifier>
    </Filter>
    <Filter Include="include\physics">
      <UniqueIdentifier>{03ae3866-de2d-495b-bca0-eb637e320f5c}</UniqueIdentifier>
    </Filter>
    <Filter Include="include\rooms">
      <UniqueIdentifier>{a898ee1a-2777-4985-bfec-3c00124e96f3}</UniqueIdentifier>
    </Filter>
    <Filter Include="include\sound">
      <UniqueIdentifier>{40cf83d0-ddc5-4d62-b841-6bbe27b03535}</UniqueIdentifier>
    </Filter>
    <Filter Include="include\sprites">
      <UniqueIdentifier>{e61ac12e-6839-47c6-b685-10d6a13fa015}</UniqueIdentifier>
    </Filter>
    <Filter Include="include\tilesets">
      <UniqueIdentifier>{24698ac1-cfc1-4b59-8a30-9882a4b65d2e}</UniqueIdentifier>
    </Filter>
    <Filter Include="include\utility">
      <UniqueIdentifier>{3c38617f-9617-4464-a81e-7db8dcff843a}</UniqueIdentifier>
    </Filter>
    <Filter Include="include\views">
      <UniqueIdentifier>{dff20e7a-6c4d-4439-8692-41dca4ed88a8}</UniqueIdentifier>
    </Filter>
    <Filter Include="src\allegro">
      <UniqueIdentifier>{23a9cf8e-2427-4cf1-8960-97cb48f725c3}</UniqueIdentifier>
    </Filter>
    <Filter Include="src\backgrounds">
      <UniqueIdentifier>{5182e8a9-ecaf-47b4-adc2-71f71baca224}</UniqueIdentifier>
    </Filter>
    <Filter Include="src\collision">
      <UniqueIdentifier>{e42582db-32aa-4482-b81b-2bcb8db5b6e6}</UniqueIdentifier>
    </Filter>
    <Filter Include="src\core">
      <UniqueIdentifier>{8170a5ed-582b-4ba8-a78e-0ce4dad1782b}</UniqueIdentifier>
    </Filter>
    <Filter Include="src\events">
      <UniqueIdentifier>{47a1d5f9-2b37-4069-817f-8cca2b969b98}</UniqueIdentifier>
    </Filter>
    <Filter Include="src\fonts">
      <UniqueIdentifier>{bf59e07c-8472-4467-b1ff-f49b46ffad64}</UniqueIdentifier>
    </Filter>
    <Filter Include="src\graphics">
      <UniqueIdentifier>{91d78e07-1284-4d1f-b641-ea48a3a764a0}</UniqueIdentifier>
    </Filter>
    <Filter Include="src\io">
      <UniqueIdentifier>{8f7217b0-f24d-4e67-8373-48749a35fb58}</UniqueIdentifier>
    </Filter>
    <Filter Include="src\math">
      <UniqueIdentifier>{8b6aaad3-b7c0-4e04-bef6-ea8173ad4726}</UniqueIdentifier>
    </Filter>
    <Filter Include="src\net">
      <UniqueIdentifier>{28a1ce6c-8ca7-49ba-a6e8-bb3fbcd1958d}</UniqueIdentifier>
    </Filter>
    <Filter Include="src\views">
      <UniqueIdentifier>{15a51cca-411b-4678-a1aa-43bc5b9189d4}</UniqueIdentifier>
    </Filter>
    <Filter Include="src\utility">
      <UniqueIdentifier>{cca1d72e-2c7a-49a6-8ac7-edd2558a7855}</UniqueIdentifier>
    </Filter>
    <Filter Include="src\tilesets">
      <UniqueIdentifier>{0d4c92d7-5fa1-4d61-9d23-600aad30f4b3}</UniqueIdentifier>
    </Filter>
    <Filter Include="src\sprites">
      <UniqueIdentifier>{ada9d54e-ac77-4b8f-ba1f-bcf236f7709d}</UniqueIdentifier>
    </Filter>
    <Filter Include="src\sound">
      <UniqueIdentifier>{7cf3cd81-6aa6-4eab-a05b-540dc2c948d9}</UniqueIdentifier>
    </Filter>
    <Filter Include="src\rooms">
      <UniqueIdentifier>{f49d5776-503f-4d51-89e0-49ba02406091}</UniqueIdentifier>
    </Filter>
    <Filter Include="src\physics">
      <UniqueIdentifier>{1e608fe0-bb68-4687-930c-e1c69314d555}</UniqueIdentifier>
    </Filter>
    <Filter Include="src\objects">
      <UniqueIdentifier>{f7ff3acf-e595-437c-ab67-9f6f03535226}</UniqueIdentifier>
    </Filter>
    <Filter Include="include\assets">
      <UniqueIdentifier>{2d307e98-b5c6-40be-beab-ceae233a972e}</UniqueIdentifier>
    </Filter>
    <Filter Include="src\assets">
      <UniqueIdentifier>{6568945e-8374-43c7-9c69-b59e5a7de7ac}</UniqueIdentifier>
    </Filter>
    <Filter Include="include\gui2">
      <UniqueIdentifier>{ee673019-fb16-44a9-896e-41b8695c3ef7}</UniqueIdentifier>
    </Filter>
    <Filter Include="src\gui2">
      <UniqueIdentifier>{b4840be0-2772-4c6d-8943-dfaf201bd26e}</UniqueIdentifier>
    </Filter>
    <Filter Include="src\exceptions">
      <UniqueIdentifier>{1a6ceb05-7a19-4f02-aeaa-88a3e8cd6d49}</UniqueIdentifier>
    </Filter>
    <Filter Include="include\helper">
      <UniqueIdentifier>{a024f5e7-494f-4809-ae27-776102ea1941}</UniqueIdentifier>
    </Filter>
    <Filter Include="src\helper">
      <UniqueIdentifier>{39b2deaf-d22c-449a-8fdd-4d567c2dcec4}</UniqueIdentifier>
    </Filter>
    <Filter Include="include\native">
      <UniqueIdentifier>{a32fddcd-e39b-400b-9e3a-1675b67e8127}</UniqueIdentifier>
    </Filter>
    <Filter Include="src\native">
      <UniqueIdentifier>{121853ac-fd26-440b-b2b5-5fc6de7d2e6e}</UniqueIdentifier>
    </Filter>
    <Filter Include="src\xml">
      <UniqueIdentifier>{52b0e1ff-ba6d-44b0-965d-502c9b8f5555}</UniqueIdentifier>
    </Filter>
    <Filter Include="include\xml">
      <UniqueIdentifier>{ca2ef746-db8c-4091-be3c-8f82c273a759}</UniqueIdentifier>
    </Filter>
    <Filter Include="include\particles">
      <UniqueIdentifier>{a39a2837-5002-4e84-af81-0b89ffac4f30}</UniqueIdentifier>
    </Filter>
  </ItemGroup>
  <ItemGroup>
    <ClInclude Include="include\hvn3\allegro\AllegroAdapter.h">
      <Filter>include\allegro</Filter>
    </ClInclude>
    <ClInclude Include="include\hvn3\allegro\AllegroForwardDeclarations.h">
      <Filter>include\allegro</Filter>
    </ClInclude>
    <ClInclude Include="include\hvn3\assets\AssetHandle.h">
      <Filter>include\assets</Filter>
    </ClInclude>
    <ClInclude Include="include\hvn3\assets\AssetLoaderEventArgs.h">
      <Filter>include\assets</Filter>
    </ClInclude>
    <ClInclude Include="include\hvn3\assets\AssetManager.h">
      <Filter>include\assets</Filter>
    </ClInclude>
    <ClInclude Include="include\hvn3\assets\Assets.h">
      <Filter>include\assets</Filter>
    </ClInclude>
    <ClInclude Include="include\hvn3\assets\AssetTypeDefs.h">
      <Filter>include\assets</Filter>
    </ClInclude>
    <ClInclude Include="include\hvn3\assets\BitmapAssetLoader.h">
      <Filter>include\assets</Filter>
    </ClInclude>
    <ClInclude Include="include\hvn3\assets\FileAssetLoader.h">
      <Filter>include\assets</Filter>
    </ClInclude>
    <ClInclude Include="include\hvn3\assets\FontAssetLoader.h">
      <Filter>include\assets</Filter>
    </ClInclude>
    <ClInclude Include="include\hvn3\assets\IAssetLoader.h">
      <Filter>include\assets</Filter>
    </ClInclude>
    <ClInclude Include="include\hvn3\assets\IBinaryAssetLoader.h">
      <Filter>include\assets</Filter>
    </ClInclude>
    <ClInclude Include="include\hvn3\backgrounds\Background.h">
      <Filter>include\backgrounds</Filter>
    </ClInclude>
    <ClInclude Include="include\hvn3\backgrounds\BackgroundDrawEventArgs.h">
      <Filter>include\backgrounds</Filter>
    </ClInclude>
    <ClInclude Include="include\hvn3\backgrounds\BackgroundManager.h">
      <Filter>include\backgrounds</Filter>
    </ClInclude>
    <ClInclude Include="include\hvn3\backgrounds\IBackgroundManager.h">
      <Filter>include\backgrounds</Filter>
    </ClInclude>
    <ClInclude Include="include\hvn3\collision\CollisionEventArgs.h">
      <Filter>include\collision</Filter>
    </ClInclude>
    <ClInclude Include="include\hvn3\collision\CollisionManagerBase.h">
      <Filter>include\collision</Filter>
    </ClInclude>
    <ClInclude Include="include\hvn3\collision\CollisionUtils.h">
      <Filter>include\collision</Filter>
    </ClInclude>
    <ClInclude Include="include\hvn3\collision\IBroadPhase.h">
      <Filter>include\collision</Filter>
    </ClInclude>
    <ClInclude Include="include\hvn3\collision\ICollidable.h">
      <Filter>include\collision</Filter>
    </ClInclude>
    <ClInclude Include="include\hvn3\collision\ICollisionManager.h">
      <Filter>include\collision</Filter>
    </ClInclude>
    <ClInclude Include="include\hvn3\collision\INarrowPhase.h">
      <Filter>include\collision</Filter>
    </ClInclude>
    <ClInclude Include="include\hvn3\collision\NarrowPhase.h">
      <Filter>include\collision</Filter>
    </ClInclude>
    <ClInclude Include="include\hvn3\core\DrawEventArgs.h">
      <Filter>include\core</Filter>
    </ClInclude>
    <ClInclude Include="include\hvn3\core\Framework.h">
      <Filter>include\core</Filter>
    </ClInclude>
    <ClInclude Include="include\hvn3\core\GameManager.h">
      <Filter>include\core</Filter>
    </ClInclude>
    <ClInclude Include="include\hvn3\core\IDestroyable.h">
      <Filter>include\core</Filter>
    </ClInclude>
    <ClInclude Include="include\hvn3\core\IDrawable.h">
      <Filter>include\core</Filter>
    </ClInclude>
    <ClInclude Include="include\hvn3\core\IPositionable2d.h">
      <Filter>include\core</Filter>
    </ClInclude>
    <ClInclude Include="include\hvn3\core\IStringable.h">
      <Filter>include\core</Filter>
    </ClInclude>
    <ClInclude Include="include\hvn3\core\ITransformable.h">
      <Filter>include\core</Filter>
    </ClInclude>
    <ClInclude Include="include\hvn3\core\IUpdatable.h">
      <Filter>include\core</Filter>
    </ClInclude>
    <ClInclude Include="include\hvn3\core\Positionable2dBase.h">
      <Filter>include\core</Filter>
    </ClInclude>
    <ClInclude Include="include\hvn3\core\Runner.h">
      <Filter>include\core</Filter>
    </ClInclude>
    <ClInclude Include="include\hvn3\core\SharedCreatableBase.h">
      <Filter>include\core</Filter>
    </ClInclude>
    <ClInclude Include="include\hvn3\core\SizeableBase.h">
      <Filter>include\core</Filter>
    </ClInclude>
    <ClInclude Include="include\hvn3\core\UpdateEventArgs.h">
      <Filter>include\core</Filter>
    </ClInclude>
    <ClInclude Include="include\hvn3\events\Event.h">
      <Filter>include\events</Filter>
    </ClInclude>
    <ClInclude Include="include\hvn3\events\EventArgs.h">
      <Filter>include\events</Filter>
    </ClInclude>
    <ClInclude Include="include\hvn3\events\EventQueue.h">
      <Filter>include\events</Filter>
    </ClInclude>
    <ClInclude Include="include\hvn3\events\EventSource.h">
      <Filter>include\events</Filter>
    </ClInclude>
    <ClInclude Include="include\hvn3\events\Timer.h">
      <Filter>include\events</Filter>
    </ClInclude>
    <ClInclude Include="include\hvn3\exceptions\Exception.h">
      <Filter>include\exceptions</Filter>
    </ClInclude>
    <ClInclude Include="include\hvn3\fonts\Font.h">
      <Filter>include\fonts</Filter>
    </ClInclude>
    <ClInclude Include="include\hvn3\graphics\Color.h">
      <Filter>include\graphics</Filter>
    </ClInclude>
    <ClInclude Include="include\hvn3\graphics\Display.h">
      <Filter>include\graphics</Filter>
    </ClInclude>
    <ClInclude Include="include\hvn3\graphics\Graphics.h">
      <Filter>include\graphics</Filter>
    </ClInclude>
    <ClInclude Include="include\hvn3\graphics\GraphicsState.h">
      <Filter>include\graphics</Filter>
    </ClInclude>
    <ClInclude Include="include\hvn3\graphics\GridRenderer.h">
      <Filter>include\graphics</Filter>
    </ClInclude>
    <ClInclude Include="include\hvn3\graphics\Imaging.h">
      <Filter>include\graphics</Filter>
    </ClInclude>
    <ClInclude Include="include\hvn3\graphics\Transform.h">
      <Filter>include\graphics</Filter>
    </ClInclude>
    <ClInclude Include="include\hvn3\io\Clipboard.h">
      <Filter>include\io</Filter>
    </ClInclude>
    <ClInclude Include="include\hvn3\io\Console.h">
      <Filter>include\io</Filter>
    </ClInclude>
    <ClInclude Include="include\hvn3\io\Directory.h">
      <Filter>include\io</Filter>
    </ClInclude>
    <ClInclude Include="include\hvn3\io\File.h">
      <Filter>include\io</Filter>
    </ClInclude>
    <ClInclude Include="include\hvn3\io\IO.h">
      <Filter>include\io</Filter>
    </ClInclude>
    <ClInclude Include="include\hvn3\io\Keyboard.h">
      <Filter>include\io</Filter>
    </ClInclude>
    <ClInclude Include="include\hvn3\io\KeyboardEventArgs.h">
      <Filter>include\io</Filter>
    </ClInclude>
    <ClInclude Include="include\hvn3\io\KeyboardListener.h">
      <Filter>include\io</Filter>
    </ClInclude>
    <ClInclude Include="include\hvn3\io\Mouse.h">
      <Filter>include\io</Filter>
    </ClInclude>
    <ClInclude Include="include\hvn3\io\MouseEventArgs.h">
      <Filter>include\io</Filter>
    </ClInclude>
    <ClInclude Include="include\hvn3\io\MouseListener.h">
      <Filter>include\io</Filter>
    </ClInclude>
    <ClInclude Include="include\hvn3\io\Path.h">
      <Filter>include\io</Filter>
    </ClInclude>
    <ClInclude Include="include\hvn3\math\Line.h">
      <Filter>include\math</Filter>
    </ClInclude>
    <ClInclude Include="include\hvn3\math\MathUtils.h">
      <Filter>include\math</Filter>
    </ClInclude>
    <ClInclude Include="include\hvn3\math\Rectangle.h">
      <Filter>include\math</Filter>
    </ClInclude>
    <ClInclude Include="include\hvn3\math\Vector2d.h">
      <Filter>include\math</Filter>
    </ClInclude>
    <ClInclude Include="include\hvn3\math\Circle.h">
      <Filter>include\math</Filter>
    </ClInclude>
    <ClInclude Include="include\hvn3\math\GeometryUtils.h">
      <Filter>include\math</Filter>
    </ClInclude>
    <ClInclude Include="include\hvn3\net\IPAddress.h">
      <Filter>include\net</Filter>
    </ClInclude>
    <ClInclude Include="include\hvn3\objects\IObjectManager.h">
      <Filter>include\objects</Filter>
    </ClInclude>
    <ClInclude Include="include\hvn3\objects\Object.h">
      <Filter>include\objects</Filter>
    </ClInclude>
    <ClInclude Include="include\hvn3\objects\ObjectBase.h">
      <Filter>include\objects</Filter>
    </ClInclude>
    <ClInclude Include="include\hvn3\objects\ObjectManager.h">
      <Filter>include\objects</Filter>
    </ClInclude>
    <ClInclude Include="include\hvn3\physics\IPhysicsBody.h">
      <Filter>include\physics</Filter>
    </ClInclude>
    <ClInclude Include="include\hvn3\physics\IPhysicsManager.h">
      <Filter>include\physics</Filter>
    </ClInclude>
    <ClInclude Include="include\hvn3\physics\Material.h">
      <Filter>include\physics</Filter>
    </ClInclude>
    <ClInclude Include="include\hvn3\physics\PhysicsUtils.h">
      <Filter>include\physics</Filter>
    </ClInclude>
    <ClInclude Include="include\hvn3\rooms\IRoom.h">
      <Filter>include\rooms</Filter>
    </ClInclude>
    <ClInclude Include="include\hvn3\rooms\IRoomManager.h">
      <Filter>include\rooms</Filter>
    </ClInclude>
    <ClInclude Include="include\hvn3\rooms\Room.h">
      <Filter>include\rooms</Filter>
    </ClInclude>
    <ClInclude Include="include\hvn3\rooms\RoomBase.h">
      <Filter>include\rooms</Filter>
    </ClInclude>
    <ClInclude Include="include\hvn3\rooms\RoomManager.h">
      <Filter>include\rooms</Filter>
    </ClInclude>
    <ClInclude Include="include\hvn3\sprites\Sprite.h">
      <Filter>include\sprites</Filter>
    </ClInclude>
    <ClInclude Include="include\hvn3\sprites\SpriteRenderer.h">
      <Filter>include\sprites</Filter>
    </ClInclude>
    <ClInclude Include="include\hvn3\tilesets\Tileset.h">
      <Filter>include\tilesets</Filter>
    </ClInclude>
    <ClInclude Include="include\hvn3\utility\BitFlags.h">
      <Filter>include\utility</Filter>
    </ClInclude>
    <ClInclude Include="include\hvn3\utility\DataGrid.h">
      <Filter>include\utility</Filter>
    </ClInclude>
    <ClInclude Include="include\hvn3\utility\Direction8.h">
      <Filter>include\utility</Filter>
    </ClInclude>
    <ClInclude Include="include\hvn3\utility\Encryption.h">
      <Filter>include\utility</Filter>
    </ClInclude>
    <ClInclude Include="include\hvn3\utility\Environment.h">
      <Filter>include\utility</Filter>
    </ClInclude>
    <ClInclude Include="include\hvn3\utility\FpsCounter.h">
      <Filter>include\utility</Filter>
    </ClInclude>
    <ClInclude Include="include\hvn3\utility\Grid.h">
      <Filter>include\utility</Filter>
    </ClInclude>
    <ClInclude Include="include\hvn3\utility\Hash.h">
      <Filter>include\utility</Filter>
    </ClInclude>
    <ClInclude Include="include\hvn3\utility\MD5.h">
      <Filter>include\utility</Filter>
    </ClInclude>
    <ClInclude Include="include\hvn3\utility\Padding.h">
      <Filter>include\utility</Filter>
    </ClInclude>
    <ClInclude Include="include\hvn3\utility\Quadtree.h">
      <Filter>include\utility</Filter>
    </ClInclude>
    <ClInclude Include="include\hvn3\utility\Random.h">
      <Filter>include\utility</Filter>
    </ClInclude>
    <ClInclude Include="include\hvn3\utility\Range.h">
      <Filter>include\utility</Filter>
    </ClInclude>
    <ClInclude Include="include\hvn3\utility\Scale.h">
      <Filter>include\utility</Filter>
    </ClInclude>
    <ClInclude Include="include\hvn3\utility\Size.h">
      <Filter>include\utility</Filter>
    </ClInclude>
    <ClInclude Include="include\hvn3\utility\Sorting.h">
      <Filter>include\utility</Filter>
    </ClInclude>
    <ClInclude Include="include\hvn3\utility\Stopwatch.h">
      <Filter>include\utility</Filter>
    </ClInclude>
    <ClInclude Include="include\hvn3\utility\StringUtils.h">
      <Filter>include\utility</Filter>
    </ClInclude>
    <ClInclude Include="include\hvn3\utility\Thread.h">
      <Filter>include\utility</Filter>
    </ClInclude>
    <ClInclude Include="include\hvn3\utility\ThreadPool.h">
      <Filter>include\utility</Filter>
    </ClInclude>
    <ClInclude Include="include\hvn3\utility\Utility.h">
      <Filter>include\utility</Filter>
    </ClInclude>
    <ClInclude Include="include\hvn3\utility\Algorithm.h">
      <Filter>include\utility</Filter>
    </ClInclude>
    <ClInclude Include="include\hvn3\views\IViewManager.h">
      <Filter>include\views</Filter>
    </ClInclude>
    <ClInclude Include="include\hvn3\views\View.h">
      <Filter>include\views</Filter>
    </ClInclude>
    <ClInclude Include="include\hvn3\views\ViewManager.h">
      <Filter>include\views</Filter>
    </ClInclude>
    <ClInclude Include="include\hvn3\views\ViewUpdateEventArgs.h">
      <Filter>include\views</Filter>
    </ClInclude>
    <ClInclude Include="include\hvn3\hvn3.h">
      <Filter>include</Filter>
    </ClInclude>
    <ClInclude Include="include\hvn3\utility\Utf8String.h">
      <Filter>include\utility</Filter>
    </ClInclude>
    <ClInclude Include="include\hvn3\math\Point2d.h">
      <Filter>include\math</Filter>
    </ClInclude>
    <ClInclude Include="include\hvn3\io\KeyboardMutator.h">
      <Filter>include\io</Filter>
    </ClInclude>
    <ClInclude Include="include\hvn3\io\MouseMutator.h">
      <Filter>include\io</Filter>
    </ClInclude>
    <ClInclude Include="include\hvn3\core\IGameManager.h">
      <Filter>include\core</Filter>
    </ClInclude>
    <ClInclude Include="include\hvn3\objects\ObjectEventArgs.h">
      <Filter>include\objects</Filter>
    </ClInclude>
    <ClInclude Include="include\hvn3\core\ISizeable.h">
      <Filter>include\core</Filter>
    </ClInclude>
    <ClInclude Include="include\hvn3\physics\PhysicsManagerBase.h">
      <Filter>include\physics</Filter>
    </ClInclude>
    <ClInclude Include="include\hvn3\physics\PhysicsBodyBase.h">
      <Filter>include\physics</Filter>
    </ClInclude>
    <ClInclude Include="include\hvn3\physics\BasicPhysicsManager.h">
      <Filter>include\physics</Filter>
    </ClInclude>
    <ClInclude Include="include\hvn3\gui2\IWidget.h">
      <Filter>include\gui2</Filter>
    </ClInclude>
    <ClInclude Include="include\hvn3\gui2\Button.h">
      <Filter>include\gui2</Filter>
    </ClInclude>
    <ClInclude Include="include\hvn3\gui2\WidgetBase.h">
      <Filter>include\gui2</Filter>
    </ClInclude>
    <ClInclude Include="include\hvn3\gui2\WidgetEventArgs.h">
      <Filter>include\gui2</Filter>
    </ClInclude>
    <ClInclude Include="include\hvn3\gui2\GuiTypeDefs.h">
      <Filter>include\gui2</Filter>
    </ClInclude>
    <ClInclude Include="include\hvn3\gui2\IWidgetRenderer.h">
      <Filter>include\gui2</Filter>
    </ClInclude>
    <ClInclude Include="include\hvn3\gui2\DefaultWidgetRenderer.h">
      <Filter>include\gui2</Filter>
    </ClInclude>
    <ClInclude Include="include\hvn3\gui2\WidgetManager.h">
      <Filter>include\gui2</Filter>
    </ClInclude>
    <ClInclude Include="include\hvn3\objects\IObject.h">
      <Filter>include\objects</Filter>
    </ClInclude>
    <ClInclude Include="include\hvn3\allegro\AllegroExt.h">
      <Filter>include\allegro</Filter>
    </ClInclude>
    <ClInclude Include="include\hvn3\graphics\Bitmap.h">
      <Filter>include\graphics</Filter>
    </ClInclude>
    <ClInclude Include="include\hvn3\collision\CollisionManager.h">
      <Filter>include\collision</Filter>
    </ClInclude>
    <ClInclude Include="include\hvn3\graphics\Tween.h">
      <Filter>include\graphics</Filter>
    </ClInclude>
    <ClInclude Include="include\hvn3\gui2\Window.h">
      <Filter>include\gui2</Filter>
    </ClInclude>
    <ClInclude Include="include\hvn3\gui2\WidgetRenderArgs.h">
      <Filter>include\gui2</Filter>
    </ClInclude>
    <ClInclude Include="include\hvn3\core\Context.h">
      <Filter>include\core</Filter>
    </ClInclude>
    <ClInclude Include="include\hvn3\core\IContextProvider.h">
      <Filter>include\core</Filter>
    </ClInclude>
    <ClInclude Include="include\hvn3\rooms\BasicLightingManager.h">
      <Filter>include\rooms</Filter>
    </ClInclude>
    <ClInclude Include="include\hvn3\core\IContextReceiver.h">
      <Filter>include\core</Filter>
    </ClInclude>
    <ClInclude Include="include\hvn3\graphics\BitmapUtils.h">
      <Filter>include\graphics</Filter>
    </ClInclude>
    <ClInclude Include="include\hvn3\io\IoUtils.h">
      <Filter>include\io</Filter>
    </ClInclude>
    <ClInclude Include="include\hvn3\assets\SystemAssets.h">
      <Filter>include\assets</Filter>
    </ClInclude>
    <ClInclude Include="include\hvn3\sound\SoundManager.h">
      <Filter>include\sound</Filter>
    </ClInclude>
    <ClInclude Include="include\hvn3\sound\Sound.h">
      <Filter>include\sound</Filter>
    </ClInclude>
    <ClInclude Include="include\hvn3\sound\SoundListener.h">
      <Filter>include\sound</Filter>
    </ClInclude>
    <ClInclude Include="include\hvn3\sound\SoundEmitter.h">
      <Filter>include\sound</Filter>
    </ClInclude>
    <ClInclude Include="include\hvn3\sound\SoundInstance.h">
      <Filter>include\sound</Filter>
    </ClInclude>
    <ClInclude Include="include\hvn3\utility\Base64.h">
      <Filter>include\utility</Filter>
    </ClInclude>
    <ClInclude Include="include\hvn3\graphics\Resolution.h">
      <Filter>include\graphics</Filter>
    </ClInclude>
    <ClInclude Include="include\hvn3\graphics\Pen.h">
      <Filter>include\graphics</Filter>
    </ClInclude>
    <ClInclude Include="include\hvn3\graphics\GraphicsTypeDefs.h">
      <Filter>include\graphics</Filter>
    </ClInclude>
    <ClInclude Include="include\hvn3\gui2\MenuStrip.h">
      <Filter>include\gui2</Filter>
    </ClInclude>
    <ClInclude Include="include\hvn3\gui2\GuiManager.h">
      <Filter>include\gui2</Filter>
    </ClInclude>
    <ClInclude Include="include\hvn3\io\IKeyboardListener.h">
      <Filter>include\io</Filter>
    </ClInclude>
    <ClInclude Include="include\hvn3\io\IMouseListener.h">
      <Filter>include\io</Filter>
    </ClInclude>
    <ClInclude Include="include\hvn3\io\DisplayListener.h">
      <Filter>include\io</Filter>
    </ClInclude>
    <ClInclude Include="include\hvn3\io\IDisplayListener.h">
      <Filter>include\io</Filter>
    </ClInclude>
    <ClInclude Include="include\hvn3\io\DisplayEventArgs.h">
      <Filter>include\io</Filter>
    </ClInclude>
    <ClInclude Include="include\hvn3\gui2\ContextMenu.h">
      <Filter>include\gui2</Filter>
    </ClInclude>
    <ClInclude Include="include\hvn3\gui2\TilesetView.h">
      <Filter>include\gui2</Filter>
    </ClInclude>
    <ClInclude Include="include\hvn3\gui2\Scrollbar.h">
      <Filter>include\gui2</Filter>
    </ClInclude>
    <ClInclude Include="include\hvn3\gui2\ScrollableWidgetBase.h">
      <Filter>include\gui2</Filter>
    </ClInclude>
    <ClInclude Include="include\hvn3\gui2\TabStrip.h">
      <Filter>include\gui2</Filter>
    </ClInclude>
    <ClInclude Include="include\hvn3\gui2\ContainerWidgetBase.h">
      <Filter>include\gui2</Filter>
    </ClInclude>
    <ClInclude Include="include\hvn3\gui2\ListBox.h">
      <Filter>include\gui2</Filter>
    </ClInclude>
    <ClInclude Include="include\hvn3\helper\DirectionalInputListener.h">
      <Filter>include\helper</Filter>
    </ClInclude>
    <ClInclude Include="include\hvn3\tilesets\TileMap.h">
      <Filter>include\tilesets</Filter>
    </ClInclude>
    <ClInclude Include="include\hvn3\tilesets\TileMapRenderer.h">
      <Filter>include\tilesets</Filter>
    </ClInclude>
    <ClInclude Include="include\hvn3\math\Matrix.h">
      <Filter>include\math</Filter>
    </ClInclude>
    <ClInclude Include="include\hvn3\utility\BitUtils.h">
      <Filter>include\utility</Filter>
    </ClInclude>
    <ClInclude Include="include\hvn3\tilesets\AutoTileRenderer.h">
      <Filter>include\tilesets</Filter>
    </ClInclude>
    <ClInclude Include="include\hvn3\native\FileDialog.h">
      <Filter>include\native</Filter>
    </ClInclude>
    <ClInclude Include="include\hvn3\io\BitReader.h">
      <Filter>include\io</Filter>
    </ClInclude>
    <ClInclude Include="include\hvn3\io\BitWriter.h">
      <Filter>include\io</Filter>
    </ClInclude>
    <ClInclude Include="include\hvn3\io\Buffer.h">
      <Filter>include\io</Filter>
    </ClInclude>
    <ClInclude Include="include\hvn3\io\FileStream.h">
      <Filter>include\io</Filter>
    </ClInclude>
    <ClInclude Include="include\hvn3\io\MemoryStream.h">
      <Filter>include\io</Filter>
    </ClInclude>
    <ClInclude Include="include\hvn3\io\StreamBase.h">
      <Filter>include\io</Filter>
    </ClInclude>
    <ClInclude Include="include\hvn3\tilesets\TileManager.h">
      <Filter>include\tilesets</Filter>
    </ClInclude>
    <ClInclude Include="include\hvn3\xml\XmlUtils.h">
      <Filter>include\xml</Filter>
    </ClInclude>
    <ClInclude Include="include\hvn3\utility\Assert.h">
      <Filter>include\utility</Filter>
    </ClInclude>
    <ClInclude Include="include\hvn3\utility\IteratorTemplate.h">
      <Filter>include\utility</Filter>
    </ClInclude>
    <ClInclude Include="include\hvn3\utility\AbstractIterator.h">
      <Filter>include\utility</Filter>
    </ClInclude>
    <ClInclude Include="include\hvn3\xml\XmlDocument.h">
      <Filter>include\xml</Filter>
    </ClInclude>
    <ClInclude Include="include\hvn3\xml\XmlElement.h">
      <Filter>include\xml</Filter>
    </ClInclude>
    <ClInclude Include="include\hvn3\xml\XmlLexer.h">
      <Filter>include\xml</Filter>
    </ClInclude>
    <ClInclude Include="include\hvn3\utility\IteratorWrapper.h">
      <Filter>include\utility</Filter>
    </ClInclude>
    <ClInclude Include="include\hvn3\xml\IXmlResourceAdapter.h">
      <Filter>include\xml</Filter>
    </ClInclude>
    <ClInclude Include="include\hvn3\xml\XmlResourceAdapterBase.h">
      <Filter>include\xml</Filter>
    </ClInclude>
    <ClInclude Include="include\hvn3\helper\DirectionalControlsHelper.h">
      <Filter>include\helper</Filter>
    </ClInclude>
    <ClInclude Include="include\hvn3\helper\PlatformerControlsHelper.h">
      <Filter>include\helper</Filter>
    </ClInclude>
    <ClInclude Include="include\hvn3\helper\Camera2d.h">
      <Filter>include\helper</Filter>
    </ClInclude>
    <ClInclude Include="include\hvn3\graphics\GridRendererExt.h">
      <Filter>include\graphics</Filter>
    </ClInclude>
    <ClInclude Include="include\hvn3\gui2\TextBox.h">
      <Filter>include\gui2</Filter>
    </ClInclude>
    <ClInclude Include="include\hvn3\gui2\Label.h">
      <Filter>include\gui2</Filter>
    </ClInclude>
    <ClInclude Include="include\hvn3\gui2\RoomView.h">
      <Filter>include\gui2</Filter>
    </ClInclude>
    <ClInclude Include="include\hvn3\gui2\WidgetStyle.h">
      <Filter>include\gui2</Filter>
    </ClInclude>
    <ClInclude Include="include\hvn3\gui2\WidgetLayoutBuilder.h">
      <Filter>include\gui2</Filter>
    </ClInclude>
    <ClInclude Include="include\hvn3\gui2\CheckBox.h">
      <Filter>include\gui2</Filter>
    </ClInclude>
    <ClInclude Include="include\hvn3\utility\Version.h">
      <Filter>include\utility</Filter>
    </ClInclude>
    <ClInclude Include="include\hvn3\native\Endianness.h">
      <Filter>include\native</Filter>
    </ClInclude>
    <ClInclude Include="include\hvn3\native\OperatingSystem.h">
      <Filter>include\native</Filter>
    </ClInclude>
    <ClInclude Include="include\hvn3\native\OperatingSystemDefs.h">
      <Filter>include\native</Filter>
    </ClInclude>
    <ClInclude Include="include\hvn3\io\ListenerBase.h">
      <Filter>include\io</Filter>
    </ClInclude>
    <ClInclude Include="include\hvn3\core\GameProperties.h">
      <Filter>include\core</Filter>
    </ClInclude>
    <ClInclude Include="include\hvn3\core\SmartPointerToInterfaceWrapper.h">
      <Filter>include\core</Filter>
    </ClInclude>
    <ClInclude Include="include\hvn3\collision\ICollider.h">
      <Filter>include\collision</Filter>
    </ClInclude>
    <ClInclude Include="include\hvn3\collision\CollisionDefs.h">
      <Filter>include\collision</Filter>
    </ClInclude>
    <ClInclude Include="include\hvn3\collision\Collider.h">
      <Filter>include\collision</Filter>
    </ClInclude>
    <ClInclude Include="include\hvn3\collision\ColliderBase.h">
      <Filter>include\collision</Filter>
    </ClInclude>
    <ClInclude Include="include\hvn3\collision\HitMask.h">
      <Filter>include\collision</Filter>
    </ClInclude>
    <ClInclude Include="include\hvn3\core\CoreDefs.h">
      <Filter>include\core</Filter>
    </ClInclude>
    <ClInclude Include="include\hvn3\core\ManagerDefs.h">
      <Filter>include\core</Filter>
    </ClInclude>
    <ClInclude Include="include\hvn3\core\IManager.h">
      <Filter>include\core</Filter>
    </ClInclude>
    <ClInclude Include="include\hvn3\objects\ObjectDefs.h">
      <Filter>include\objects</Filter>
    </ClInclude>
    <ClInclude Include="include\hvn3\rooms\RoomDefs.h">
      <Filter>include\rooms</Filter>
    </ClInclude>
    <ClInclude Include="include\hvn3\rooms\RoomTransition.h">
      <Filter>include\rooms</Filter>
    </ClInclude>
    <ClInclude Include="include\hvn3\tilesets\EdgeTileFinder.h">
      <Filter>include\tilesets</Filter>
    </ClInclude>
    <ClInclude Include="include\hvn3\core\ManagerRegistry.h">
      <Filter>include\core</Filter>
    </ClInclude>
    <ClInclude Include="include\hvn3\physics\PlatformerPhysicsManager.h">
      <Filter>include\physics</Filter>
    </ClInclude>
    <ClInclude Include="include\hvn3\physics\PhysicsDefs.h">
      <Filter>include\physics</Filter>
    </ClInclude>
    <ClInclude Include="include\hvn3\collision\SpatialPartitioningGrid.h">
      <Filter>include\collision</Filter>
    </ClInclude>
    <ClInclude Include="include\hvn3\collision\CollisionResult.h">
      <Filter>include\collision</Filter>
    </ClInclude>
    <ClInclude Include="include\hvn3\collision\CollisionFilter.h">
      <Filter>include\collision</Filter>
    </ClInclude>
    <ClInclude Include="include\hvn3\particles\ParticleManager.h">
      <Filter>include\particles</Filter>
    </ClInclude>
    <ClInclude Include="include\hvn3\particles\ParticleSystem.h">
      <Filter>include\particles</Filter>
    </ClInclude>
    <ClInclude Include="include\hvn3\particles\ParticleType.h">
      <Filter>include\particles</Filter>
    </ClInclude>
    <ClInclude Include="include\hvn3\particles\ParticleEmitter.h">
      <Filter>include\particles</Filter>
    </ClInclude>
  </ItemGroup>
  <ItemGroup>
    <None Include="packages.config" />
    <None Include="..\README.md" />
  </ItemGroup>
  <ItemGroup>
    <ClCompile Include="src\hvn3\allegro\AllegroAdapter.cc">
      <Filter>src\allegro</Filter>
    </ClCompile>
    <ClCompile Include="src\hvn3\assets\AssetLoaderEventArgs.cc">
      <Filter>src\assets</Filter>
    </ClCompile>
    <ClCompile Include="src\hvn3\assets\BitmapAssetLoader.cc">
      <Filter>src\assets</Filter>
    </ClCompile>
    <ClCompile Include="src\hvn3\assets\FileAssetLoader.cc">
      <Filter>src\assets</Filter>
    </ClCompile>
    <ClCompile Include="src\hvn3\assets\FontAssetLoader.cc">
      <Filter>src\assets</Filter>
    </ClCompile>
    <ClCompile Include="src\hvn3\backgrounds\BackgroundDrawEventArgs.cc">
      <Filter>src\backgrounds</Filter>
    </ClCompile>
    <ClCompile Include="src\hvn3\backgrounds\BackgroundManager.cc">
      <Filter>src\backgrounds</Filter>
    </ClCompile>
    <ClCompile Include="src\hvn3\backgrounds\Background.cc">
      <Filter>src\backgrounds</Filter>
    </ClCompile>
    <ClCompile Include="src\hvn3\collision\CollisionEventArgs.cc">
      <Filter>src\collision</Filter>
    </ClCompile>
    <ClCompile Include="src\hvn3\collision\CollisionFilter.cc">
      <Filter>src\collision</Filter>
    </ClCompile>
    <ClCompile Include="src\hvn3\collision\NarrowPhase.cc">
      <Filter>src\collision</Filter>
    </ClCompile>
    <ClCompile Include="src\hvn3\core\GameManager.cc">
      <Filter>src\core</Filter>
    </ClCompile>
    <ClCompile Include="src\hvn3\core\IUpdatable.cc">
      <Filter>src\core</Filter>
    </ClCompile>
    <ClCompile Include="src\hvn3\core\Runner.cc">
      <Filter>src\core</Filter>
    </ClCompile>
    <ClCompile Include="src\hvn3\core\UpdateEventArgs.cc">
      <Filter>src\core</Filter>
    </ClCompile>
    <ClCompile Include="src\hvn3\core\DrawEventArgs.cc">
      <Filter>src\core</Filter>
    </ClCompile>
    <ClCompile Include="src\hvn3\core\Framework.cc">
      <Filter>src\core</Filter>
    </ClCompile>
    <ClCompile Include="src\hvn3\events\EventSource.cc">
      <Filter>src\events</Filter>
    </ClCompile>
    <ClCompile Include="src\hvn3\events\Timer.cc">
      <Filter>src\events</Filter>
    </ClCompile>
    <ClCompile Include="src\hvn3\events\Event.cc">
      <Filter>src\events</Filter>
    </ClCompile>
    <ClCompile Include="src\hvn3\events\EventArgs.cc">
      <Filter>src\events</Filter>
    </ClCompile>
    <ClCompile Include="src\hvn3\events\EventQueue.cc">
      <Filter>src\events</Filter>
    </ClCompile>
    <ClCompile Include="src\hvn3\exceptions\Exception.cc">
      <Filter>src\exceptions</Filter>
    </ClCompile>
    <ClCompile Include="src\hvn3\fonts\Font.cc">
      <Filter>src\fonts</Filter>
    </ClCompile>
    <ClCompile Include="src\hvn3\graphics\Graphics.cc">
      <Filter>src\graphics</Filter>
    </ClCompile>
    <ClCompile Include="src\hvn3\graphics\GraphicsState.cc">
      <Filter>src\graphics</Filter>
    </ClCompile>
    <ClCompile Include="src\hvn3\graphics\GridRenderer.cc">
      <Filter>src\graphics</Filter>
    </ClCompile>
    <ClCompile Include="src\hvn3\graphics\Imaging.cc">
      <Filter>src\graphics</Filter>
    </ClCompile>
    <ClCompile Include="src\hvn3\graphics\Transform.cc">
      <Filter>src\graphics</Filter>
    </ClCompile>
    <ClCompile Include="src\hvn3\graphics\Color.cc">
      <Filter>src\graphics</Filter>
    </ClCompile>
    <ClCompile Include="src\hvn3\graphics\Display.cc">
      <Filter>src\graphics</Filter>
    </ClCompile>
    <ClCompile Include="src\hvn3\io\Clipboard.cc">
      <Filter>src\io</Filter>
    </ClCompile>
    <ClCompile Include="src\hvn3\io\Console.cc">
      <Filter>src\io</Filter>
    </ClCompile>
    <ClCompile Include="src\hvn3\io\Directory.cc">
      <Filter>src\io</Filter>
    </ClCompile>
    <ClCompile Include="src\hvn3\io\File.cc">
      <Filter>src\io</Filter>
    </ClCompile>
    <ClCompile Include="src\hvn3\io\Keyboard.cc">
      <Filter>src\io</Filter>
    </ClCompile>
    <ClCompile Include="src\hvn3\io\KeyboardEventArgs.cc">
      <Filter>src\io</Filter>
    </ClCompile>
    <ClCompile Include="src\hvn3\io\KeyboardListener.cc">
      <Filter>src\io</Filter>
    </ClCompile>
    <ClCompile Include="src\hvn3\io\Mouse.cc">
      <Filter>src\io</Filter>
    </ClCompile>
    <ClCompile Include="src\hvn3\io\MouseEventArgs.cc">
      <Filter>src\io</Filter>
    </ClCompile>
    <ClCompile Include="src\hvn3\io\MouseListener.cc">
      <Filter>src\io</Filter>
    </ClCompile>
    <ClCompile Include="src\hvn3\io\Path.cc">
      <Filter>src\io</Filter>
    </ClCompile>
    <ClCompile Include="src\hvn3\math\GeometryUtils.cc">
      <Filter>src\math</Filter>
    </ClCompile>
    <ClCompile Include="src\hvn3\math\MathUtils.cc">
      <Filter>src\math</Filter>
    </ClCompile>
    <ClCompile Include="src\hvn3\math\Vector2d.cc">
      <Filter>src\math</Filter>
    </ClCompile>
    <ClCompile Include="src\hvn3\net\IPAddress.cc">
      <Filter>src\net</Filter>
    </ClCompile>
    <ClCompile Include="src\hvn3\objects\Object.cc">
      <Filter>src\objects</Filter>
    </ClCompile>
    <ClCompile Include="src\hvn3\objects\ObjectBase.cc">
      <Filter>src\objects</Filter>
    </ClCompile>
    <ClCompile Include="src\hvn3\objects\ObjectManager.cc">
      <Filter>src\objects</Filter>
    </ClCompile>
    <ClCompile Include="src\hvn3\physics\Material.cc">
      <Filter>src\physics</Filter>
    </ClCompile>
    <ClCompile Include="src\hvn3\physics\PhysicsUtils.cc">
      <Filter>src\physics</Filter>
    </ClCompile>
    <ClCompile Include="src\hvn3\rooms\Room.cc">
      <Filter>src\rooms</Filter>
    </ClCompile>
    <ClCompile Include="src\hvn3\rooms\RoomManager.cc">
      <Filter>src\rooms</Filter>
    </ClCompile>
    <ClCompile Include="src\hvn3\sprites\Sprite.cc">
      <Filter>src\sprites</Filter>
    </ClCompile>
    <ClCompile Include="src\hvn3\sprites\SpriteRenderer.cc">
      <Filter>src\sprites</Filter>
    </ClCompile>
    <ClCompile Include="src\hvn3\tilesets\Tileset.cc">
      <Filter>src\tilesets</Filter>
    </ClCompile>
    <ClCompile Include="src\hvn3\utility\Direction8.cc">
      <Filter>src\utility</Filter>
    </ClCompile>
    <ClCompile Include="src\hvn3\utility\Environment.cc">
      <Filter>src\utility</Filter>
    </ClCompile>
    <ClCompile Include="src\hvn3\utility\FpsCounter.cc">
      <Filter>src\utility</Filter>
    </ClCompile>
    <ClCompile Include="src\hvn3\utility\Grid.cc">
      <Filter>src\utility</Filter>
    </ClCompile>
    <ClCompile Include="src\hvn3\utility\Padding.cc">
      <Filter>src\utility</Filter>
    </ClCompile>
    <ClCompile Include="src\hvn3\utility\Random.cc">
      <Filter>src\utility</Filter>
    </ClCompile>
    <ClCompile Include="src\hvn3\utility\Scale.cc">
      <Filter>src\utility</Filter>
    </ClCompile>
    <ClCompile Include="src\hvn3\utility\Stopwatch.cc">
      <Filter>src\utility</Filter>
    </ClCompile>
    <ClCompile Include="src\hvn3\utility\StringUtils.cc">
      <Filter>src\utility</Filter>
    </ClCompile>
    <ClCompile Include="src\hvn3\utility\Thread.cc">
      <Filter>src\utility</Filter>
    </ClCompile>
    <ClCompile Include="src\hvn3\utility\ThreadPool.cc">
      <Filter>src\utility</Filter>
    </ClCompile>
    <ClCompile Include="src\hvn3\utility\Utility.cc">
      <Filter>src\utility</Filter>
    </ClCompile>
    <ClCompile Include="src\hvn3\views\View.cc">
      <Filter>src\views</Filter>
    </ClCompile>
    <ClCompile Include="src\hvn3\views\ViewManager.cc">
      <Filter>src\views</Filter>
    </ClCompile>
    <ClCompile Include="src\hvn3\views\ViewUpdateEventArgs.cc">
      <Filter>src\views</Filter>
    </ClCompile>
    <ClCompile Include="src\hvn3\utility\Utf8String.cc">
      <Filter>src\utility</Filter>
    </ClCompile>
    <ClCompile Include="src\hvn3\io\KeyboardMutator.cc">
      <Filter>src\io</Filter>
    </ClCompile>
    <ClCompile Include="src\hvn3\io\MouseMutator.cc">
      <Filter>src\io</Filter>
    </ClCompile>
    <ClCompile Include="src\hvn3\physics\PhysicsBodyBase.cc">
      <Filter>src\physics</Filter>
    </ClCompile>
    <ClCompile Include="src\hvn3\physics\BasicPhysicsManager.cc">
      <Filter>src\physics</Filter>
    </ClCompile>
    <ClCompile Include="src\hvn3\gui2\WidgetBase.cc">
      <Filter>src\gui2</Filter>
    </ClCompile>
    <ClCompile Include="src\hvn3\gui2\Button.cc">
      <Filter>src\gui2</Filter>
    </ClCompile>
    <ClCompile Include="src\hvn3\gui2\DefaultWidgetRenderer.cc">
      <Filter>src\gui2</Filter>
    </ClCompile>
    <ClCompile Include="src\hvn3\gui2\WidgetManager.cc">
      <Filter>src\gui2</Filter>
    </ClCompile>
    <ClCompile Include="src\hvn3\allegro\AllegroExt.cc">
      <Filter>src\allegro</Filter>
    </ClCompile>
    <ClCompile Include="src\hvn3\graphics\Bitmap.cc">
      <Filter>src\graphics</Filter>
    </ClCompile>
    <ClCompile Include="src\hvn3\gui2\WidgetRendererRenderArgs.cc">
      <Filter>src\gui2</Filter>
    </ClCompile>
    <ClCompile Include="src\hvn3\gui2\Window.cc">
      <Filter>src\gui2</Filter>
    </ClCompile>
    <ClCompile Include="src\hvn3\core\Context.cc">
      <Filter>src\core</Filter>
    </ClCompile>
    <ClCompile Include="src\hvn3\rooms\BasicLightingManager.cc">
      <Filter>src\rooms</Filter>
    </ClCompile>
    <ClCompile Include="src\hvn3\graphics\BitmapUtils.cc">
      <Filter>src\graphics</Filter>
    </ClCompile>
    <ClCompile Include="src\hvn3\io\IoUtils.cc">
      <Filter>src\io</Filter>
    </ClCompile>
    <ClCompile Include="src\hvn3\assets\SystemAssets.cc">
      <Filter>src\assets</Filter>
    </ClCompile>
    <ClCompile Include="src\hvn3\sound\Sound.cc">
      <Filter>src\sound</Filter>
    </ClCompile>
    <ClCompile Include="src\hvn3\sound\SoundListener.cc">
      <Filter>src\sound</Filter>
    </ClCompile>
    <ClCompile Include="src\hvn3\sound\SoundEmitter.cc">
      <Filter>src\sound</Filter>
    </ClCompile>
    <ClCompile Include="src\hvn3\sound\SoundManager.cc">
      <Filter>src\sound</Filter>
    </ClCompile>
    <ClCompile Include="src\hvn3\sound\SoundInstance.cc">
      <Filter>src\sound</Filter>
    </ClCompile>
    <ClCompile Include="src\hvn3\utility\Base64.cc">
      <Filter>src\utility</Filter>
    </ClCompile>
    <ClCompile Include="src\hvn3\graphics\Resolution.cc">
      <Filter>src\graphics</Filter>
    </ClCompile>
    <ClCompile Include="src\hvn3\graphics\Pen.cc">
      <Filter>src\graphics</Filter>
    </ClCompile>
    <ClCompile Include="src\hvn3\gui2\GuiManager.cc">
      <Filter>src\gui2</Filter>
    </ClCompile>
    <ClCompile Include="src\hvn3\gui2\MenuStrip.cc">
      <Filter>src\gui2</Filter>
    </ClCompile>
    <ClCompile Include="src\hvn3\gui2\Scrollbar.cc">
      <Filter>src\gui2</Filter>
    </ClCompile>
    <ClCompile Include="src\hvn3\gui2\TabStrip.cc">
      <Filter>src\gui2</Filter>
    </ClCompile>
    <ClCompile Include="src\hvn3\helper\DirectionalInputListener.cc">
      <Filter>src\helper</Filter>
    </ClCompile>
    <ClCompile Include="src\hvn3\tilesets\TileMap.cc">
      <Filter>src\tilesets</Filter>
    </ClCompile>
    <ClCompile Include="src\hvn3\tilesets\TileMapRenderer.cc">
      <Filter>src\tilesets</Filter>
    </ClCompile>
    <ClCompile Include="src\hvn3\tilesets\AutoTileRenderer.cc">
      <Filter>src\tilesets</Filter>
    </ClCompile>
    <ClCompile Include="src\hvn3\native\FileDialog.cc">
      <Filter>src\native</Filter>
    </ClCompile>
    <ClCompile Include="src\hvn3\io\BitReader.cc">
      <Filter>src\io</Filter>
    </ClCompile>
    <ClCompile Include="src\hvn3\io\BitWriter.cc">
      <Filter>src\io</Filter>
    </ClCompile>
    <ClCompile Include="src\hvn3\io\Buffer.cc">
      <Filter>src\io</Filter>
    </ClCompile>
    <ClCompile Include="src\hvn3\io\FileStream.cc">
      <Filter>src\io</Filter>
    </ClCompile>
    <ClCompile Include="src\hvn3\io\MemoryStream.cc">
      <Filter>src\io</Filter>
    </ClCompile>
    <ClCompile Include="src\hvn3\io\StreamBase.cc">
      <Filter>src\io</Filter>
    </ClCompile>
    <ClCompile Include="src\hvn3\utility\BitUtils.cc">
      <Filter>src\io</Filter>
    </ClCompile>
    <ClCompile Include="src\hvn3\rooms\RoomBase.cc">
      <Filter>src\rooms</Filter>
    </ClCompile>
    <ClCompile Include="src\hvn3\tilesets\TileManager.cc">
      <Filter>src\tilesets</Filter>
    </ClCompile>
    <ClCompile Include="src\hvn3\xml\XmlUtils.cc">
      <Filter>src\xml</Filter>
    </ClCompile>
    <ClCompile Include="src\hvn3\xml\XmlDocument.cc">
      <Filter>src\xml</Filter>
    </ClCompile>
    <ClCompile Include="src\hvn3\xml\XmlElement.cc">
      <Filter>src\xml</Filter>
    </ClCompile>
    <ClCompile Include="src\hvn3\helper\DirectionalControlsHelper.cc">
      <Filter>src\helper</Filter>
    </ClCompile>
    <ClCompile Include="src\hvn3\helper\PlatformerControlsHelper.cc">
      <Filter>src\helper</Filter>
    </ClCompile>
    <ClCompile Include="src\hvn3\helper\Camera2d.cc">
      <Filter>src\helper</Filter>
    </ClCompile>
    <ClCompile Include="src\hvn3\graphics\GridRendererExt.cc">
      <Filter>src\graphics</Filter>
    </ClCompile>
    <ClCompile Include="src\hvn3\gui2\WidgetStyle.cc">
      <Filter>src\gui2</Filter>
    </ClCompile>
    <ClCompile Include="src\hvn3\gui2\WidgetLayoutBuilder.cc">
      <Filter>src\gui2</Filter>
    </ClCompile>
    <ClCompile Include="src\hvn3\utility\Version.cc">
      <Filter>src\utility</Filter>
    </ClCompile>
    <ClCompile Include="src\hvn3\native\Endianness.cc">
      <Filter>src\native</Filter>
    </ClCompile>
    <ClCompile Include="src\hvn3\native\OperatingSystem.cc">
      <Filter>src\native</Filter>
    </ClCompile>
    <ClCompile Include="src\hvn3\core\GameProperties.cc">
      <Filter>src\core</Filter>
    </ClCompile>
    <ClCompile Include="src\hvn3\collision\Collider.cc">
      <Filter>src\collision</Filter>
    </ClCompile>
    <ClCompile Include="src\hvn3\collision\ColliderBase.cc">
      <Filter>src\collision</Filter>
    </ClCompile>
    <ClCompile Include="src\hvn3\collision\HitMask.cc">
      <Filter>src\collision</Filter>
    </ClCompile>
    <ClCompile Include="src\hvn3\rooms\RoomEventArgs.cc">
      <Filter>src\rooms</Filter>
    </ClCompile>
    <ClCompile Include="src\hvn3\rooms\RoomTransition.cc">
      <Filter>src\rooms</Filter>
    </ClCompile>
    <ClCompile Include="src\hvn3\tilesets\EdgeTileFinder.cc">
      <Filter>src\tilesets</Filter>
    </ClCompile>
    <ClCompile Include="src\hvn3\physics\PlatformerPhysicsManager.cc">
      <Filter>src\physics</Filter>
    </ClCompile>
    <ClCompile Include="src\hvn3\collision\SpatialPartitioningGrid.cc">
      <Filter>src\collision</Filter>
    </ClCompile>
    <ClCompile Include="src\hvn3\utility\Algorithm.cc">
      <Filter>src\utility</Filter>
    </ClCompile>
    <ClCompile Include="src\hvn3\collision\CollisionResult.cc">
      <Filter>src\collision</Filter>
    </ClCompile>
  </ItemGroup>
</Project>