<?xml version="1.0" encoding="utf-8"?>
<Project ToolsVersion="4.0" xmlns="http://schemas.microsoft.com/developer/msbuild/2003">
  <ItemGroup>
    <Filter Include="Source Files">
      <UniqueIdentifier>{4FC737F1-C7A5-4376-A066-2A32D752A2FF}</UniqueIdentifier>
      <Extensions>cpp;c;cc;cxx;c++;def;odl;idl;hpj;bat;asm;asmx</Extensions>
    </Filter>
    <Filter Include="Header Files">
      <UniqueIdentifier>{93995380-89BD-4b04-88EB-625FBE52EBFB}</UniqueIdentifier>
      <Extensions>h;hh;hpp;hxx;h++;hm;inl;inc;ipp;xsd</Extensions>
    </Filter>
    <Filter Include="Resource Files">
      <UniqueIdentifier>{67DA6AB6-F800-4c08-8B7A-83BB121AAD01}</UniqueIdentifier>
      <Extensions>rc;ico;cur;bmp;dlg;rc2;rct;bin;rgs;gif;jpg;jpeg;jpe;resx;tiff;tif;png;wav;mfcribbon-ms</Extensions>
    </Filter>
  </ItemGroup>
  <ItemGroup>
    <ClInclude Include="include\core\engine_modules.h">
      <Filter>Header Files</Filter>
    </ClInclude>
    <ClInclude Include="include\core\engine.h">
      <Filter>Header Files</Filter>
    </ClInclude>
    <ClInclude Include="include\events\ievent_source.h">
      <Filter>Header Files</Filter>
    </ClInclude>
    <ClInclude Include="include\events\read_only_event_source.h">
      <Filter>Header Files</Filter>
    </ClInclude>
    <ClInclude Include="include\events\event_source_base.h">
      <Filter>Header Files</Filter>
    </ClInclude>
    <ClInclude Include="include\core\utf8_string.h">
      <Filter>Header Files</Filter>
    </ClInclude>
    <ClInclude Include="include\iterators\iterable_range.h">
      <Filter>Header Files</Filter>
    </ClInclude>
    <ClInclude Include="include\iterators\output_transform_iterator.h">
      <Filter>Header Files</Filter>
    </ClInclude>
    <ClInclude Include="include\iterators\reverse_iterator.h">
      <Filter>Header Files</Filter>
    </ClInclude>
    <ClInclude Include="include\iterators\stashing_transform_iterator.h">
      <Filter>Header Files</Filter>
    </ClInclude>
    <ClInclude Include="include\iterators\transform_iterator.h">
      <Filter>Header Files</Filter>
    </ClInclude>
    <ClInclude Include="include\allegro\allegro_ustr_iterator.h">
      <Filter>Header Files</Filter>
    </ClInclude>
    <ClInclude Include="include\core\algorithm.h">
      <Filter>Header Files</Filter>
    </ClInclude>
    <ClInclude Include="include\iterators\cstring_iterator.h">
      <Filter>Header Files</Filter>
    </ClInclude>
    <ClInclude Include="include\core\time_span.h">
      <Filter>Header Files</Filter>
    </ClInclude>
    <ClInclude Include="include\events\event_queue.h">
      <Filter>Header Files</Filter>
    </ClInclude>
    <ClInclude Include="include\events\ievent.h">
      <Filter>Header Files</Filter>
    </ClInclude>
    <ClInclude Include="include\events\event.h">
      <Filter>Header Files</Filter>
    </ClInclude>
    <ClInclude Include="include\events\event_type.h">
      <Filter>Header Files</Filter>
    </ClInclude>
  </ItemGroup>
  <ItemGroup>
    <ClCompile Include="src\core\engine.cc">
      <Filter>Source Files</Filter>
    </ClCompile>
    <ClCompile Include="src\events\event_source_base.cc">
      <Filter>Source Files</Filter>
    </ClCompile>
    <ClCompile Include="src\events\read_only_event_source.cc">
      <Filter>Source Files</Filter>
    </ClCompile>
    <ClCompile Include="src\core\utf8_string.cc">
      <Filter>Source Files</Filter>
    </ClCompile>
    <ClCompile Include="src\allegro\allegro_ustr_iterator.cc">
      <Filter>Source Files</Filter>
    </ClCompile>
    <ClCompile Include="src\core\time_span.cc">
      <Filter>Source Files</Filter>
    </ClCompile>
    <ClCompile Include="src\core\event_queue.cc">
      <Filter>Source Files</Filter>
    </ClCompile>
  </ItemGroup>
  <ItemGroup>
    <None Include="packages.config" />
  </ItemGroup>
</Project>